
Microsoft Visual Studio Solution File, Format Version 12.00
# Visual Studio Version 16
VisualStudioVersion = 16.0.29324.140
MinimumVisualStudioVersion = 10.0.40219.1
Project("{FAE04EC0-301F-11D3-BF4B-00C04F79EFBC}") = "DataBindTraditional.UWP", "DataBindTraditional\DataBindTraditional.UWP\DataBindTraditional.UWP.csproj", "{553376F7-5808-4970-A0F5-166815CAD07B}"
EndProject
Project("{FAE04EC0-301F-11D3-BF4B-00C04F79EFBC}") = "DataBindTraditional.Android", "DataBindTraditional\DataBindTraditional.Android\DataBindTraditional.Android.csproj", "{7536CF7A-8186-43F0-91E2-E068E41D531B}"
EndProject
Project("{FAE04EC0-301F-11D3-BF4B-00C04F79EFBC}") = "DataBindTraditional.iOS", "DataBindTraditional\DataBindTraditional.iOS\DataBindTraditional.iOS.csproj", "{B3B9B6AD-ABAB-4B06-B59C-1ACFB373B62A}"
EndProject
Project("{FAE04EC0-301F-11D3-BF4B-00C04F79EFBC}") = "DataBindTraditional", "DataBindTraditional\DataBindTraditional\DataBindTraditional.csproj", "{80D8ED8D-21C2-4965-A445-6CE876568192}"
EndProject
Global
	GlobalSection(SolutionConfigurationPlatforms) = preSolution
		Debug|Any CPU = Debug|Any CPU
		Debug|ARM = Debug|ARM
		Debug|iPhone = Debug|iPhone
		Debug|iPhoneSimulator = Debug|iPhoneSimulator
		Debug|x64 = Debug|x64
		Debug|x86 = Debug|x86
		Release|Any CPU = Release|Any CPU
		Release|ARM = Release|ARM
		Release|iPhone = Release|iPhone
		Release|iPhoneSimulator = Release|iPhoneSimulator
		Release|x64 = Release|x64
		Release|x86 = Release|x86
	EndGlobalSection
	GlobalSection(ProjectConfigurationPlatforms) = postSolution
		{553376F7-5808-4970-A0F5-166815CAD07B}.Debug|Any CPU.ActiveCfg = Debug|x86
		{553376F7-5808-4970-A0F5-166815CAD07B}.Debug|Any CPU.Build.0 = Debug|x86
		{553376F7-5808-4970-A0F5-166815CAD07B}.Debug|Any CPU.Deploy.0 = Debug|x86
		{553376F7-5808-4970-A0F5-166815CAD07B}.Debug|ARM.ActiveCfg = Debug|ARM
		{553376F7-5808-4970-A0F5-166815CAD07B}.Debug|ARM.Build.0 = Debug|ARM
		{553376F7-5808-4970-A0F5-166815CAD07B}.Debug|ARM.Deploy.0 = Debug|ARM
		{553376F7-5808-4970-A0F5-166815CAD07B}.Debug|iPhone.ActiveCfg = Debug|x86
		{553376F7-5808-4970-A0F5-166815CAD07B}.Debug|iPhone.Build.0 = Debug|x86
		{553376F7-5808-4970-A0F5-166815CAD07B}.Debug|iPhone.Deploy.0 = Debug|x86
		{553376F7-5808-4970-A0F5-166815CAD07B}.Debug|iPhoneSimulator.ActiveCfg = Debug|x86
		{553376F7-5808-4970-A0F5-166815CAD07B}.Debug|iPhoneSimulator.Build.0 = Debug|x86
		{553376F7-5808-4970-A0F5-166815CAD07B}.Debug|iPhoneSimulator.Deploy.0 = Debug|x86
		{553376F7-5808-4970-A0F5-166815CAD07B}.Debug|x64.ActiveCfg = Debug|x64
		{553376F7-5808-4970-A0F5-166815CAD07B}.Debug|x64.Build.0 = Debug|x64
		{553376F7-5808-4970-A0F5-166815CAD07B}.Debug|x64.Deploy.0 = Debug|x64
		{553376F7-5808-4970-A0F5-166815CAD07B}.Debug|x86.ActiveCfg = Debug|x86
		{553376F7-5808-4970-A0F5-166815CAD07B}.Debug|x86.Build.0 = Debug|x86
		{553376F7-5808-4970-A0F5-166815CAD07B}.Debug|x86.Deploy.0 = Debug|x86
		{553376F7-5808-4970-A0F5-166815CAD07B}.Release|Any CPU.ActiveCfg = Release|x86
		{553376F7-5808-4970-A0F5-166815CAD07B}.Release|Any CPU.Build.0 = Release|x86
		{553376F7-5808-4970-A0F5-166815CAD07B}.Release|Any CPU.Deploy.0 = Release|x86
		{553376F7-5808-4970-A0F5-166815CAD07B}.Release|ARM.ActiveCfg = Release|ARM
		{553376F7-5808-4970-A0F5-166815CAD07B}.Release|ARM.Build.0 = Release|ARM
		{553376F7-5808-4970-A0F5-166815CAD07B}.Release|ARM.Deploy.0 = Release|ARM
		{553376F7-5808-4970-A0F5-166815CAD07B}.Release|iPhone.ActiveCfg = Release|x86
		{553376F7-5808-4970-A0F5-166815CAD07B}.Release|iPhone.Build.0 = Release|x86
		{553376F7-5808-4970-A0F5-166815CAD07B}.Release|iPhone.Deploy.0 = Release|x86
		{553376F7-5808-4970-A0F5-166815CAD07B}.Release|iPhoneSimulator.ActiveCfg = Release|x86
		{553376F7-5808-4970-A0F5-166815CAD07B}.Release|iPhoneSimulator.Build.0 = Release|x86
		{553376F7-5808-4970-A0F5-166815CAD07B}.Release|iPhoneSimulator.Deploy.0 = Release|x86
		{553376F7-5808-4970-A0F5-166815CAD07B}.Release|x64.ActiveCfg = Release|x64
		{553376F7-5808-4970-A0F5-166815CAD07B}.Release|x64.Build.0 = Release|x64
		{553376F7-5808-4970-A0F5-166815CAD07B}.Release|x64.Deploy.0 = Release|x64
		{553376F7-5808-4970-A0F5-166815CAD07B}.Release|x86.ActiveCfg = Release|x86
		{553376F7-5808-4970-A0F5-166815CAD07B}.Release|x86.Build.0 = Release|x86
		{553376F7-5808-4970-A0F5-166815CAD07B}.Release|x86.Deploy.0 = Release|x86
		{7536CF7A-8186-43F0-91E2-E068E41D531B}.Debug|Any CPU.ActiveCfg = Debug|Any CPU
		{7536CF7A-8186-43F0-91E2-E068E41D531B}.Debug|Any CPU.Build.0 = Debug|Any CPU
		{7536CF7A-8186-43F0-91E2-E068E41D531B}.Debug|Any CPU.Deploy.0 = Debug|Any CPU
		{7536CF7A-8186-43F0-91E2-E068E41D531B}.Debug|ARM.ActiveCfg = Debug|Any CPU
		{7536CF7A-8186-43F0-91E2-E068E41D531B}.Debug|ARM.Build.0 = Debug|Any CPU
		{7536CF7A-8186-43F0-91E2-E068E41D531B}.Debug|ARM.Deploy.0 = Debug|Any CPU
		{7536CF7A-8186-43F0-91E2-E068E41D531B}.Debug|iPhone.ActiveCfg = Debug|Any CPU
		{7536CF7A-8186-43F0-91E2-E068E41D531B}.Debug|iPhone.Build.0 = Debug|Any CPU
		{7536CF7A-8186-43F0-91E2-E068E41D531B}.Debug|iPhone.Deploy.0 = Debug|Any CPU
		{7536CF7A-8186-43F0-91E2-E068E41D531B}.Debug|iPhoneSimulator.ActiveCfg = Debug|Any CPU
		{7536CF7A-8186-43F0-91E2-E068E41D531B}.Debug|iPhoneSimulator.Build.0 = Debug|Any CPU
		{7536CF7A-8186-43F0-91E2-E068E41D531B}.Debug|iPhoneSimulator.Deploy.0 = Debug|Any CPU
		{7536CF7A-8186-43F0-91E2-E068E41D531B}.Debug|x64.ActiveCfg = Debug|Any CPU
		{7536CF7A-8186-43F0-91E2-E068E41D531B}.Debug|x64.Build.0 = Debug|Any CPU
		{7536CF7A-8186-43F0-91E2-E068E41D531B}.Debug|x64.Deploy.0 = Debug|Any CPU
		{7536CF7A-8186-43F0-91E2-E068E41D531B}.Debug|x86.ActiveCfg = Debug|Any CPU
		{7536CF7A-8186-43F0-91E2-E068E41D531B}.Debug|x86.Build.0 = Debug|Any CPU
		{7536CF7A-8186-43F0-91E2-E068E41D531B}.Debug|x86.Deploy.0 = Debug|Any CPU
		{7536CF7A-8186-43F0-91E2-E068E41D531B}.Release|Any CPU.ActiveCfg = Release|Any CPU
		{7536CF7A-8186-43F0-91E2-E068E41D531B}.Release|Any CPU.Build.0 = Release|Any CPU
		{7536CF7A-8186-43F0-91E2-E068E41D531B}.Release|Any CPU.Deploy.0 = Release|Any CPU
		{7536CF7A-8186-43F0-91E2-E068E41D531B}.Release|ARM.ActiveCfg = Release|Any CPU
		{7536CF7A-8186-43F0-91E2-E068E41D531B}.Release|ARM.Build.0 = Release|Any CPU
		{7536CF7A-8186-43F0-91E2-E068E41D531B}.Release|ARM.Deploy.0 = Release|Any CPU
		{7536CF7A-8186-43F0-91E2-E068E41D531B}.Release|iPhone.ActiveCfg = Release|Any CPU
		{7536CF7A-8186-43F0-91E2-E068E41D531B}.Release|iPhone.Build.0 = Release|Any CPU
		{7536CF7A-8186-43F0-91E2-E068E41D531B}.Release|iPhone.Deploy.0 = Release|Any CPU
		{7536CF7A-8186-43F0-91E2-E068E41D531B}.Release|iPhoneSimulator.ActiveCfg = Release|Any CPU
		{7536CF7A-8186-43F0-91E2-E068E41D531B}.Release|iPhoneSimulator.Build.0 = Release|Any CPU
		{7536CF7A-8186-43F0-91E2-E068E41D531B}.Release|iPhoneSimulator.Deploy.0 = Release|Any CPU
		{7536CF7A-8186-43F0-91E2-E068E41D531B}.Release|x64.ActiveCfg = Release|Any CPU
		{7536CF7A-8186-43F0-91E2-E068E41D531B}.Release|x64.Build.0 = Release|Any CPU
		{7536CF7A-8186-43F0-91E2-E068E41D531B}.Release|x64.Deploy.0 = Release|Any CPU
		{7536CF7A-8186-43F0-91E2-E068E41D531B}.Release|x86.ActiveCfg = Release|Any CPU
		{7536CF7A-8186-43F0-91E2-E068E41D531B}.Release|x86.Build.0 = Release|Any CPU
		{7536CF7A-8186-43F0-91E2-E068E41D531B}.Release|x86.Deploy.0 = Release|Any CPU
		{B3B9B6AD-ABAB-4B06-B59C-1ACFB373B62A}.Debug|Any CPU.ActiveCfg = Debug|iPhone
		{B3B9B6AD-ABAB-4B06-B59C-1ACFB373B62A}.Debug|Any CPU.Build.0 = Debug|iPhone
		{B3B9B6AD-ABAB-4B06-B59C-1ACFB373B62A}.Debug|Any CPU.Deploy.0 = Debug|iPhone
		{B3B9B6AD-ABAB-4B06-B59C-1ACFB373B62A}.Debug|ARM.ActiveCfg = Debug|iPhoneSimulator
		{B3B9B6AD-ABAB-4B06-B59C-1ACFB373B62A}.Debug|ARM.Build.0 = Debug|iPhoneSimulator
		{B3B9B6AD-ABAB-4B06-B59C-1ACFB373B62A}.Debug|ARM.Deploy.0 = Debug|iPhoneSimulator
		{B3B9B6AD-ABAB-4B06-B59C-1ACFB373B62A}.Debug|iPhone.ActiveCfg = Debug|iPhone
		{B3B9B6AD-ABAB-4B06-B59C-1ACFB373B62A}.Debug|iPhone.Build.0 = Debug|iPhone
		{B3B9B6AD-ABAB-4B06-B59C-1ACFB373B62A}.Debug|iPhone.Deploy.0 = Debug|iPhone
		{B3B9B6AD-ABAB-4B06-B59C-1ACFB373B62A}.Debug|iPhoneSimulator.ActiveCfg = Debug|iPhoneSimulator
		{B3B9B6AD-ABAB-4B06-B59C-1ACFB373B62A}.Debug|iPhoneSimulator.Build.0 = Debug|iPhoneSimulator
		{B3B9B6AD-ABAB-4B06-B59C-1ACFB373B62A}.Debug|iPhoneSimulator.Deploy.0 = Debug|iPhoneSimulator
		{B3B9B6AD-ABAB-4B06-B59C-1ACFB373B62A}.Debug|x64.ActiveCfg = Debug|iPhone
		{B3B9B6AD-ABAB-4B06-B59C-1ACFB373B62A}.Debug|x64.Build.0 = Debug|iPhone
		{B3B9B6AD-ABAB-4B06-B59C-1ACFB373B62A}.Debug|x64.Deploy.0 = Debug|iPhone
		{B3B9B6AD-ABAB-4B06-B59C-1ACFB373B62A}.Debug|x86.ActiveCfg = Debug|iPhone
		{B3B9B6AD-ABAB-4B06-B59C-1ACFB373B62A}.Debug|x86.Build.0 = Debug|iPhone
		{B3B9B6AD-ABAB-4B06-B59C-1ACFB373B62A}.Debug|x86.Deploy.0 = Debug|iPhone
		{B3B9B6AD-ABAB-4B06-B59C-1ACFB373B62A}.Release|Any CPU.ActiveCfg = Release|iPhone
		{B3B9B6AD-ABAB-4B06-B59C-1ACFB373B62A}.Release|Any CPU.Build.0 = Release|iPhone
		{B3B9B6AD-ABAB-4B06-B59C-1ACFB373B62A}.Release|Any CPU.Deploy.0 = Release|iPhone
		{B3B9B6AD-ABAB-4B06-B59C-1ACFB373B62A}.Release|ARM.ActiveCfg = Release|iPhone
		{B3B9B6AD-ABAB-4B06-B59C-1ACFB373B62A}.Release|ARM.Build.0 = Release|iPhone
		{B3B9B6AD-ABAB-4B06-B59C-1ACFB373B62A}.Release|ARM.Deploy.0 = Release|iPhone
		{B3B9B6AD-ABAB-4B06-B59C-1ACFB373B62A}.Release|iPhone.ActiveCfg = Release|iPhone
		{B3B9B6AD-ABAB-4B06-B59C-1ACFB373B62A}.Release|iPhone.Build.0 = Release|iPhone
		{B3B9B6AD-ABAB-4B06-B59C-1ACFB373B62A}.Release|iPhone.Deploy.0 = Release|iPhone
		{B3B9B6AD-ABAB-4B06-B59C-1ACFB373B62A}.Release|iPhoneSimulator.ActiveCfg = Release|iPhoneSimulator
		{B3B9B6AD-ABAB-4B06-B59C-1ACFB373B62A}.Release|iPhoneSimulator.Build.0 = Release|iPhoneSimulator
		{B3B9B6AD-ABAB-4B06-B59C-1ACFB373B62A}.Release|iPhoneSimulator.Deploy.0 = Release|iPhoneSimulator
		{B3B9B6AD-ABAB-4B06-B59C-1ACFB373B62A}.Release|x64.ActiveCfg = Release|iPhone
		{B3B9B6AD-ABAB-4B06-B59C-1ACFB373B62A}.Release|x64.Build.0 = Release|iPhone
		{B3B9B6AD-ABAB-4B06-B59C-1ACFB373B62A}.Release|x64.Deploy.0 = Release|iPhone
		{B3B9B6AD-ABAB-4B06-B59C-1ACFB373B62A}.Release|x86.ActiveCfg = Release|iPhone
		{B3B9B6AD-ABAB-4B06-B59C-1ACFB373B62A}.Release|x86.Build.0 = Release|iPhone
		{B3B9B6AD-ABAB-4B06-B59C-1ACFB373B62A}.Release|x86.Deploy.0 = Release|iPhone
		{80D8ED8D-21C2-4965-A445-6CE876568192}.Debug|Any CPU.ActiveCfg = Debug|Any CPU
		{80D8ED8D-21C2-4965-A445-6CE876568192}.Debug|Any CPU.Build.0 = Debug|Any CPU
		{80D8ED8D-21C2-4965-A445-6CE876568192}.Debug|Any CPU.Deploy.0 = Debug|Any CPU
		{80D8ED8D-21C2-4965-A445-6CE876568192}.Debug|ARM.ActiveCfg = Debug|Any CPU
		{80D8ED8D-21C2-4965-A445-6CE876568192}.Debug|ARM.Build.0 = Debug|Any CPU
		{80D8ED8D-21C2-4965-A445-6CE876568192}.Debug|ARM.Deploy.0 = Debug|Any CPU
		{80D8ED8D-21C2-4965-A445-6CE876568192}.Debug|iPhone.ActiveCfg = Debug|Any CPU
		{80D8ED8D-21C2-4965-A445-6CE876568192}.Debug|iPhone.Build.0 = Debug|Any CPU
		{80D8ED8D-21C2-4965-A445-6CE876568192}.Debug|iPhone.Deploy.0 = Debug|Any CPU
		{80D8ED8D-21C2-4965-A445-6CE876568192}.Debug|iPhoneSimulator.ActiveCfg = Debug|Any CPU
		{80D8ED8D-21C2-4965-A445-6CE876568192}.Debug|iPhoneSimulator.Build.0 = Debug|Any CPU
		{80D8ED8D-21C2-4965-A445-6CE876568192}.Debug|iPhoneSimulator.Deploy.0 = Debug|Any CPU
		{80D8ED8D-21C2-4965-A445-6CE876568192}.Debug|x64.ActiveCfg = Debug|Any CPU
		{80D8ED8D-21C2-4965-A445-6CE876568192}.Debug|x64.Build.0 = Debug|Any CPU
		{80D8ED8D-21C2-4965-A445-6CE876568192}.Debug|x64.Deploy.0 = Debug|Any CPU
		{80D8ED8D-21C2-4965-A445-6CE876568192}.Debug|x86.ActiveCfg = Debug|Any CPU
		{80D8ED8D-21C2-4965-A445-6CE876568192}.Debug|x86.Build.0 = Debug|Any CPU
		{80D8ED8D-21C2-4965-A445-6CE876568192}.Debug|x86.Deploy.0 = Debug|Any CPU
		{80D8ED8D-21C2-4965-A445-6CE876568192}.Release|Any CPU.ActiveCfg = Release|Any CPU
		{80D8ED8D-21C2-4965-A445-6CE876568192}.Release|Any CPU.Build.0 = Release|Any CPU
		{80D8ED8D-21C2-4965-A445-6CE876568192}.Release|Any CPU.Deploy.0 = Release|Any CPU
		{80D8ED8D-21C2-4965-A445-6CE876568192}.Release|ARM.ActiveCfg = Release|Any CPU
		{80D8ED8D-21C2-4965-A445-6CE876568192}.Release|ARM.Build.0 = Release|Any CPU
		{80D8ED8D-21C2-4965-A445-6CE876568192}.Release|ARM.Deploy.0 = Release|Any CPU
		{80D8ED8D-21C2-4965-A445-6CE876568192}.Release|iPhone.ActiveCfg = Release|Any CPU
		{80D8ED8D-21C2-4965-A445-6CE876568192}.Release|iPhone.Build.0 = Release|Any CPU
		{80D8ED8D-21C2-4965-A445-6CE876568192}.Release|iPhone.Deploy.0 = Release|Any CPU
		{80D8ED8D-21C2-4965-A445-6CE876568192}.Release|iPhoneSimulator.ActiveCfg = Release|Any CPU
		{80D8ED8D-21C2-4965-A445-6CE876568192}.Release|iPhoneSimulator.Build.0 = Release|Any CPU
		{80D8ED8D-21C2-4965-A445-6CE876568192}.Release|iPhoneSimulator.Deploy.0 = Release|Any CPU
		{80D8ED8D-21C2-4965-A445-6CE876568192}.Release|x64.ActiveCfg = Release|Any CPU
		{80D8ED8D-21C2-4965-A445-6CE876568192}.Release|x64.Build.0 = Release|Any CPU
		{80D8ED8D-21C2-4965-A445-6CE876568192}.Release|x64.Deploy.0 = Release|Any CPU
		{80D8ED8D-21C2-4965-A445-6CE876568192}.Release|x86.ActiveCfg = Release|Any CPU
		{80D8ED8D-21C2-4965-A445-6CE876568192}.Release|x86.Build.0 = Release|Any CPU
		{80D8ED8D-21C2-4965-A445-6CE876568192}.Release|x86.Deploy.0 = Release|Any CPU
	EndGlobalSection
	GlobalSection(SolutionProperties) = preSolution
		HideSolutionNode = FALSE
	EndGlobalSection
	GlobalSection(ExtensibilityGlobals) = postSolution
		SolutionGuid = {658278FD-D322-4D18-9B05-250A8257198F}
	EndGlobalSection
EndGlobal
