
Microsoft Visual Studio Solution File, Format Version 12.00
# Visual Studio Version 16
VisualStudioVersion = 16.0.29324.140
MinimumVisualStudioVersion = 10.0.40219.1
Project("{FAE04EC0-301F-11D3-BF4B-00C04F79EFBC}") = "GestureGame.UWP", "GestureGame\GestureGame.UWP\GestureGame.UWP.csproj", "{BCB47451-0965-446A-A4B1-1D19049F38C4}"
EndProject
Project("{FAE04EC0-301F-11D3-BF4B-00C04F79EFBC}") = "GestureGame.Android", "GestureGame\GestureGame.Android\GestureGame.Android.csproj", "{A2B6B23B-2D9E-49EE-AB71-D5A9C92AB385}"
EndProject
Project("{FAE04EC0-301F-11D3-BF4B-00C04F79EFBC}") = "GestureGame.iOS", "GestureGame\GestureGame.iOS\GestureGame.iOS.csproj", "{3821E131-AE17-4ACB-8470-4BBC41D33F32}"
EndProject
Project("{FAE04EC0-301F-11D3-BF4B-00C04F79EFBC}") = "GestureGame", "GestureGame\GestureGame\GestureGame.csproj", "{C96A2D70-2AB9-43BF-8C1F-33976DEE5872}"
EndProject
Global
	GlobalSection(SolutionConfigurationPlatforms) = preSolution
		Debug|Any CPU = Debug|Any CPU
		Debug|ARM = Debug|ARM
		Debug|iPhone = Debug|iPhone
		Debug|iPhoneSimulator = Debug|iPhoneSimulator
		Debug|x64 = Debug|x64
		Debug|x86 = Debug|x86
		Release|Any CPU = Release|Any CPU
		Release|ARM = Release|ARM
		Release|iPhone = Release|iPhone
		Release|iPhoneSimulator = Release|iPhoneSimulator
		Release|x64 = Release|x64
		Release|x86 = Release|x86
	EndGlobalSection
	GlobalSection(ProjectConfigurationPlatforms) = postSolution
		{BCB47451-0965-446A-A4B1-1D19049F38C4}.Debug|Any CPU.ActiveCfg = Debug|x86
		{BCB47451-0965-446A-A4B1-1D19049F38C4}.Debug|Any CPU.Build.0 = Debug|x86
		{BCB47451-0965-446A-A4B1-1D19049F38C4}.Debug|Any CPU.Deploy.0 = Debug|x86
		{BCB47451-0965-446A-A4B1-1D19049F38C4}.Debug|ARM.ActiveCfg = Debug|ARM
		{BCB47451-0965-446A-A4B1-1D19049F38C4}.Debug|ARM.Build.0 = Debug|ARM
		{BCB47451-0965-446A-A4B1-1D19049F38C4}.Debug|ARM.Deploy.0 = Debug|ARM
		{BCB47451-0965-446A-A4B1-1D19049F38C4}.Debug|iPhone.ActiveCfg = Debug|x86
		{BCB47451-0965-446A-A4B1-1D19049F38C4}.Debug|iPhone.Build.0 = Debug|x86
		{BCB47451-0965-446A-A4B1-1D19049F38C4}.Debug|iPhone.Deploy.0 = Debug|x86
		{BCB47451-0965-446A-A4B1-1D19049F38C4}.Debug|iPhoneSimulator.ActiveCfg = Debug|x86
		{BCB47451-0965-446A-A4B1-1D19049F38C4}.Debug|iPhoneSimulator.Build.0 = Debug|x86
		{BCB47451-0965-446A-A4B1-1D19049F38C4}.Debug|iPhoneSimulator.Deploy.0 = Debug|x86
		{BCB47451-0965-446A-A4B1-1D19049F38C4}.Debug|x64.ActiveCfg = Debug|x64
		{BCB47451-0965-446A-A4B1-1D19049F38C4}.Debug|x64.Build.0 = Debug|x64
		{BCB47451-0965-446A-A4B1-1D19049F38C4}.Debug|x64.Deploy.0 = Debug|x64
		{BCB47451-0965-446A-A4B1-1D19049F38C4}.Debug|x86.ActiveCfg = Debug|x86
		{BCB47451-0965-446A-A4B1-1D19049F38C4}.Debug|x86.Build.0 = Debug|x86
		{BCB47451-0965-446A-A4B1-1D19049F38C4}.Debug|x86.Deploy.0 = Debug|x86
		{BCB47451-0965-446A-A4B1-1D19049F38C4}.Release|Any CPU.ActiveCfg = Release|x86
		{BCB47451-0965-446A-A4B1-1D19049F38C4}.Release|Any CPU.Build.0 = Release|x86
		{BCB47451-0965-446A-A4B1-1D19049F38C4}.Release|Any CPU.Deploy.0 = Release|x86
		{BCB47451-0965-446A-A4B1-1D19049F38C4}.Release|ARM.ActiveCfg = Release|ARM
		{BCB47451-0965-446A-A4B1-1D19049F38C4}.Release|ARM.Build.0 = Release|ARM
		{BCB47451-0965-446A-A4B1-1D19049F38C4}.Release|ARM.Deploy.0 = Release|ARM
		{BCB47451-0965-446A-A4B1-1D19049F38C4}.Release|iPhone.ActiveCfg = Release|x86
		{BCB47451-0965-446A-A4B1-1D19049F38C4}.Release|iPhone.Build.0 = Release|x86
		{BCB47451-0965-446A-A4B1-1D19049F38C4}.Release|iPhone.Deploy.0 = Release|x86
		{BCB47451-0965-446A-A4B1-1D19049F38C4}.Release|iPhoneSimulator.ActiveCfg = Release|x86
		{BCB47451-0965-446A-A4B1-1D19049F38C4}.Release|iPhoneSimulator.Build.0 = Release|x86
		{BCB47451-0965-446A-A4B1-1D19049F38C4}.Release|iPhoneSimulator.Deploy.0 = Release|x86
		{BCB47451-0965-446A-A4B1-1D19049F38C4}.Release|x64.ActiveCfg = Release|x64
		{BCB47451-0965-446A-A4B1-1D19049F38C4}.Release|x64.Build.0 = Release|x64
		{BCB47451-0965-446A-A4B1-1D19049F38C4}.Release|x64.Deploy.0 = Release|x64
		{BCB47451-0965-446A-A4B1-1D19049F38C4}.Release|x86.ActiveCfg = Release|x86
		{BCB47451-0965-446A-A4B1-1D19049F38C4}.Release|x86.Build.0 = Release|x86
		{BCB47451-0965-446A-A4B1-1D19049F38C4}.Release|x86.Deploy.0 = Release|x86
		{A2B6B23B-2D9E-49EE-AB71-D5A9C92AB385}.Debug|Any CPU.ActiveCfg = Debug|Any CPU
		{A2B6B23B-2D9E-49EE-AB71-D5A9C92AB385}.Debug|Any CPU.Build.0 = Debug|Any CPU
		{A2B6B23B-2D9E-49EE-AB71-D5A9C92AB385}.Debug|Any CPU.Deploy.0 = Debug|Any CPU
		{A2B6B23B-2D9E-49EE-AB71-D5A9C92AB385}.Debug|ARM.ActiveCfg = Debug|Any CPU
		{A2B6B23B-2D9E-49EE-AB71-D5A9C92AB385}.Debug|ARM.Build.0 = Debug|Any CPU
		{A2B6B23B-2D9E-49EE-AB71-D5A9C92AB385}.Debug|ARM.Deploy.0 = Debug|Any CPU
		{A2B6B23B-2D9E-49EE-AB71-D5A9C92AB385}.Debug|iPhone.ActiveCfg = Debug|Any CPU
		{A2B6B23B-2D9E-49EE-AB71-D5A9C92AB385}.Debug|iPhone.Build.0 = Debug|Any CPU
		{A2B6B23B-2D9E-49EE-AB71-D5A9C92AB385}.Debug|iPhone.Deploy.0 = Debug|Any CPU
		{A2B6B23B-2D9E-49EE-AB71-D5A9C92AB385}.Debug|iPhoneSimulator.ActiveCfg = Debug|Any CPU
		{A2B6B23B-2D9E-49EE-AB71-D5A9C92AB385}.Debug|iPhoneSimulator.Build.0 = Debug|Any CPU
		{A2B6B23B-2D9E-49EE-AB71-D5A9C92AB385}.Debug|iPhoneSimulator.Deploy.0 = Debug|Any CPU
		{A2B6B23B-2D9E-49EE-AB71-D5A9C92AB385}.Debug|x64.ActiveCfg = Debug|Any CPU
		{A2B6B23B-2D9E-49EE-AB71-D5A9C92AB385}.Debug|x64.Build.0 = Debug|Any CPU
		{A2B6B23B-2D9E-49EE-AB71-D5A9C92AB385}.Debug|x64.Deploy.0 = Debug|Any CPU
		{A2B6B23B-2D9E-49EE-AB71-D5A9C92AB385}.Debug|x86.ActiveCfg = Debug|Any CPU
		{A2B6B23B-2D9E-49EE-AB71-D5A9C92AB385}.Debug|x86.Build.0 = Debug|Any CPU
		{A2B6B23B-2D9E-49EE-AB71-D5A9C92AB385}.Debug|x86.Deploy.0 = Debug|Any CPU
		{A2B6B23B-2D9E-49EE-AB71-D5A9C92AB385}.Release|Any CPU.ActiveCfg = Release|Any CPU
		{A2B6B23B-2D9E-49EE-AB71-D5A9C92AB385}.Release|Any CPU.Build.0 = Release|Any CPU
		{A2B6B23B-2D9E-49EE-AB71-D5A9C92AB385}.Release|Any CPU.Deploy.0 = Release|Any CPU
		{A2B6B23B-2D9E-49EE-AB71-D5A9C92AB385}.Release|ARM.ActiveCfg = Release|Any CPU
		{A2B6B23B-2D9E-49EE-AB71-D5A9C92AB385}.Release|ARM.Build.0 = Release|Any CPU
		{A2B6B23B-2D9E-49EE-AB71-D5A9C92AB385}.Release|ARM.Deploy.0 = Release|Any CPU
		{A2B6B23B-2D9E-49EE-AB71-D5A9C92AB385}.Release|iPhone.ActiveCfg = Release|Any CPU
		{A2B6B23B-2D9E-49EE-AB71-D5A9C92AB385}.Release|iPhone.Build.0 = Release|Any CPU
		{A2B6B23B-2D9E-49EE-AB71-D5A9C92AB385}.Release|iPhone.Deploy.0 = Release|Any CPU
		{A2B6B23B-2D9E-49EE-AB71-D5A9C92AB385}.Release|iPhoneSimulator.ActiveCfg = Release|Any CPU
		{A2B6B23B-2D9E-49EE-AB71-D5A9C92AB385}.Release|iPhoneSimulator.Build.0 = Release|Any CPU
		{A2B6B23B-2D9E-49EE-AB71-D5A9C92AB385}.Release|iPhoneSimulator.Deploy.0 = Release|Any CPU
		{A2B6B23B-2D9E-49EE-AB71-D5A9C92AB385}.Release|x64.ActiveCfg = Release|Any CPU
		{A2B6B23B-2D9E-49EE-AB71-D5A9C92AB385}.Release|x64.Build.0 = Release|Any CPU
		{A2B6B23B-2D9E-49EE-AB71-D5A9C92AB385}.Release|x64.Deploy.0 = Release|Any CPU
		{A2B6B23B-2D9E-49EE-AB71-D5A9C92AB385}.Release|x86.ActiveCfg = Release|Any CPU
		{A2B6B23B-2D9E-49EE-AB71-D5A9C92AB385}.Release|x86.Build.0 = Release|Any CPU
		{A2B6B23B-2D9E-49EE-AB71-D5A9C92AB385}.Release|x86.Deploy.0 = Release|Any CPU
		{3821E131-AE17-4ACB-8470-4BBC41D33F32}.Debug|Any CPU.ActiveCfg = Debug|iPhone
		{3821E131-AE17-4ACB-8470-4BBC41D33F32}.Debug|Any CPU.Build.0 = Debug|iPhone
		{3821E131-AE17-4ACB-8470-4BBC41D33F32}.Debug|Any CPU.Deploy.0 = Debug|iPhone
		{3821E131-AE17-4ACB-8470-4BBC41D33F32}.Debug|ARM.ActiveCfg = Debug|iPhoneSimulator
		{3821E131-AE17-4ACB-8470-4BBC41D33F32}.Debug|ARM.Build.0 = Debug|iPhoneSimulator
		{3821E131-AE17-4ACB-8470-4BBC41D33F32}.Debug|ARM.Deploy.0 = Debug|iPhoneSimulator
		{3821E131-AE17-4ACB-8470-4BBC41D33F32}.Debug|iPhone.ActiveCfg = Debug|iPhone
		{3821E131-AE17-4ACB-8470-4BBC41D33F32}.Debug|iPhone.Build.0 = Debug|iPhone
		{3821E131-AE17-4ACB-8470-4BBC41D33F32}.Debug|iPhone.Deploy.0 = Debug|iPhone
		{3821E131-AE17-4ACB-8470-4BBC41D33F32}.Debug|iPhoneSimulator.ActiveCfg = Debug|iPhoneSimulator
		{3821E131-AE17-4ACB-8470-4BBC41D33F32}.Debug|iPhoneSimulator.Build.0 = Debug|iPhoneSimulator
		{3821E131-AE17-4ACB-8470-4BBC41D33F32}.Debug|iPhoneSimulator.Deploy.0 = Debug|iPhoneSimulator
		{3821E131-AE17-4ACB-8470-4BBC41D33F32}.Debug|x64.ActiveCfg = Debug|iPhone
		{3821E131-AE17-4ACB-8470-4BBC41D33F32}.Debug|x64.Build.0 = Debug|iPhone
		{3821E131-AE17-4ACB-8470-4BBC41D33F32}.Debug|x64.Deploy.0 = Debug|iPhone
		{3821E131-AE17-4ACB-8470-4BBC41D33F32}.Debug|x86.ActiveCfg = Debug|iPhone
		{3821E131-AE17-4ACB-8470-4BBC41D33F32}.Debug|x86.Build.0 = Debug|iPhone
		{3821E131-AE17-4ACB-8470-4BBC41D33F32}.Debug|x86.Deploy.0 = Debug|iPhone
		{3821E131-AE17-4ACB-8470-4BBC41D33F32}.Release|Any CPU.ActiveCfg = Release|iPhone
		{3821E131-AE17-4ACB-8470-4BBC41D33F32}.Release|Any CPU.Build.0 = Release|iPhone
		{3821E131-AE17-4ACB-8470-4BBC41D33F32}.Release|Any CPU.Deploy.0 = Release|iPhone
		{3821E131-AE17-4ACB-8470-4BBC41D33F32}.Release|ARM.ActiveCfg = Release|iPhone
		{3821E131-AE17-4ACB-8470-4BBC41D33F32}.Release|ARM.Build.0 = Release|iPhone
		{3821E131-AE17-4ACB-8470-4BBC41D33F32}.Release|ARM.Deploy.0 = Release|iPhone
		{3821E131-AE17-4ACB-8470-4BBC41D33F32}.Release|iPhone.ActiveCfg = Release|iPhone
		{3821E131-AE17-4ACB-8470-4BBC41D33F32}.Release|iPhone.Build.0 = Release|iPhone
		{3821E131-AE17-4ACB-8470-4BBC41D33F32}.Release|iPhone.Deploy.0 = Release|iPhone
		{3821E131-AE17-4ACB-8470-4BBC41D33F32}.Release|iPhoneSimulator.ActiveCfg = Release|iPhoneSimulator
		{3821E131-AE17-4ACB-8470-4BBC41D33F32}.Release|iPhoneSimulator.Build.0 = Release|iPhoneSimulator
		{3821E131-AE17-4ACB-8470-4BBC41D33F32}.Release|iPhoneSimulator.Deploy.0 = Release|iPhoneSimulator
		{3821E131-AE17-4ACB-8470-4BBC41D33F32}.Release|x64.ActiveCfg = Release|iPhone
		{3821E131-AE17-4ACB-8470-4BBC41D33F32}.Release|x64.Build.0 = Release|iPhone
		{3821E131-AE17-4ACB-8470-4BBC41D33F32}.Release|x64.Deploy.0 = Release|iPhone
		{3821E131-AE17-4ACB-8470-4BBC41D33F32}.Release|x86.ActiveCfg = Release|iPhone
		{3821E131-AE17-4ACB-8470-4BBC41D33F32}.Release|x86.Build.0 = Release|iPhone
		{3821E131-AE17-4ACB-8470-4BBC41D33F32}.Release|x86.Deploy.0 = Release|iPhone
		{C96A2D70-2AB9-43BF-8C1F-33976DEE5872}.Debug|Any CPU.ActiveCfg = Debug|Any CPU
		{C96A2D70-2AB9-43BF-8C1F-33976DEE5872}.Debug|Any CPU.Build.0 = Debug|Any CPU
		{C96A2D70-2AB9-43BF-8C1F-33976DEE5872}.Debug|Any CPU.Deploy.0 = Debug|Any CPU
		{C96A2D70-2AB9-43BF-8C1F-33976DEE5872}.Debug|ARM.ActiveCfg = Debug|Any CPU
		{C96A2D70-2AB9-43BF-8C1F-33976DEE5872}.Debug|ARM.Build.0 = Debug|Any CPU
		{C96A2D70-2AB9-43BF-8C1F-33976DEE5872}.Debug|ARM.Deploy.0 = Debug|Any CPU
		{C96A2D70-2AB9-43BF-8C1F-33976DEE5872}.Debug|iPhone.ActiveCfg = Debug|Any CPU
		{C96A2D70-2AB9-43BF-8C1F-33976DEE5872}.Debug|iPhone.Build.0 = Debug|Any CPU
		{C96A2D70-2AB9-43BF-8C1F-33976DEE5872}.Debug|iPhone.Deploy.0 = Debug|Any CPU
		{C96A2D70-2AB9-43BF-8C1F-33976DEE5872}.Debug|iPhoneSimulator.ActiveCfg = Debug|Any CPU
		{C96A2D70-2AB9-43BF-8C1F-33976DEE5872}.Debug|iPhoneSimulator.Build.0 = Debug|Any CPU
		{C96A2D70-2AB9-43BF-8C1F-33976DEE5872}.Debug|iPhoneSimulator.Deploy.0 = Debug|Any CPU
		{C96A2D70-2AB9-43BF-8C1F-33976DEE5872}.Debug|x64.ActiveCfg = Debug|Any CPU
		{C96A2D70-2AB9-43BF-8C1F-33976DEE5872}.Debug|x64.Build.0 = Debug|Any CPU
		{C96A2D70-2AB9-43BF-8C1F-33976DEE5872}.Debug|x64.Deploy.0 = Debug|Any CPU
		{C96A2D70-2AB9-43BF-8C1F-33976DEE5872}.Debug|x86.ActiveCfg = Debug|Any CPU
		{C96A2D70-2AB9-43BF-8C1F-33976DEE5872}.Debug|x86.Build.0 = Debug|Any CPU
		{C96A2D70-2AB9-43BF-8C1F-33976DEE5872}.Debug|x86.Deploy.0 = Debug|Any CPU
		{C96A2D70-2AB9-43BF-8C1F-33976DEE5872}.Release|Any CPU.ActiveCfg = Release|Any CPU
		{C96A2D70-2AB9-43BF-8C1F-33976DEE5872}.Release|Any CPU.Build.0 = Release|Any CPU
		{C96A2D70-2AB9-43BF-8C1F-33976DEE5872}.Release|Any CPU.Deploy.0 = Release|Any CPU
		{C96A2D70-2AB9-43BF-8C1F-33976DEE5872}.Release|ARM.ActiveCfg = Release|Any CPU
		{C96A2D70-2AB9-43BF-8C1F-33976DEE5872}.Release|ARM.Build.0 = Release|Any CPU
		{C96A2D70-2AB9-43BF-8C1F-33976DEE5872}.Release|ARM.Deploy.0 = Release|Any CPU
		{C96A2D70-2AB9-43BF-8C1F-33976DEE5872}.Release|iPhone.ActiveCfg = Release|Any CPU
		{C96A2D70-2AB9-43BF-8C1F-33976DEE5872}.Release|iPhone.Build.0 = Release|Any CPU
		{C96A2D70-2AB9-43BF-8C1F-33976DEE5872}.Release|iPhone.Deploy.0 = Release|Any CPU
		{C96A2D70-2AB9-43BF-8C1F-33976DEE5872}.Release|iPhoneSimulator.ActiveCfg = Release|Any CPU
		{C96A2D70-2AB9-43BF-8C1F-33976DEE5872}.Release|iPhoneSimulator.Build.0 = Release|Any CPU
		{C96A2D70-2AB9-43BF-8C1F-33976DEE5872}.Release|iPhoneSimulator.Deploy.0 = Release|Any CPU
		{C96A2D70-2AB9-43BF-8C1F-33976DEE5872}.Release|x64.ActiveCfg = Release|Any CPU
		{C96A2D70-2AB9-43BF-8C1F-33976DEE5872}.Release|x64.Build.0 = Release|Any CPU
		{C96A2D70-2AB9-43BF-8C1F-33976DEE5872}.Release|x64.Deploy.0 = Release|Any CPU
		{C96A2D70-2AB9-43BF-8C1F-33976DEE5872}.Release|x86.ActiveCfg = Release|Any CPU
		{C96A2D70-2AB9-43BF-8C1F-33976DEE5872}.Release|x86.Build.0 = Release|Any CPU
		{C96A2D70-2AB9-43BF-8C1F-33976DEE5872}.Release|x86.Deploy.0 = Release|Any CPU
	EndGlobalSection
	GlobalSection(SolutionProperties) = preSolution
		HideSolutionNode = FALSE
	EndGlobalSection
	GlobalSection(ExtensibilityGlobals) = postSolution
		SolutionGuid = {4F93450B-E816-4DBA-867E-D56BA232FEEB}
	EndGlobalSection
EndGlobal
