
Microsoft Visual Studio Solution File, Format Version 12.00
# Visual Studio Version 16
VisualStudioVersion = 16.0.29324.140
MinimumVisualStudioVersion = 10.0.40219.1
Project("{FAE04EC0-301F-11D3-BF4B-00C04F79EFBC}") = "FirstCS.Android", "FirstCS\FirstCS.Android\FirstCS.Android.csproj", "{7DB57807-8D93-44C6-BB00-DBEEBFC5594D}"
EndProject
Project("{FAE04EC0-301F-11D3-BF4B-00C04F79EFBC}") = "FirstCS.iOS", "FirstCS\FirstCS.iOS\FirstCS.iOS.csproj", "{50F1F543-7A7B-43A8-B01F-9893F2EEDFA1}"
EndProject
Project("{FAE04EC0-301F-11D3-BF4B-00C04F79EFBC}") = "FirstCS", "FirstCS\FirstCS\FirstCS.csproj", "{99FF066A-880B-4284-90A4-FB437727A4E9}"
EndProject
Global
	GlobalSection(SolutionConfigurationPlatforms) = preSolution
		Debug|Any CPU = Debug|Any CPU
		Debug|iPhone = Debug|iPhone
		Debug|iPhoneSimulator = Debug|iPhoneSimulator
		Release|Any CPU = Release|Any CPU
		Release|iPhone = Release|iPhone
		Release|iPhoneSimulator = Release|iPhoneSimulator
	EndGlobalSection
	GlobalSection(ProjectConfigurationPlatforms) = postSolution
		{7DB57807-8D93-44C6-BB00-DBEEBFC5594D}.Debug|Any CPU.ActiveCfg = Debug|Any CPU
		{7DB57807-8D93-44C6-BB00-DBEEBFC5594D}.Debug|Any CPU.Build.0 = Debug|Any CPU
		{7DB57807-8D93-44C6-BB00-DBEEBFC5594D}.Debug|Any CPU.Deploy.0 = Debug|Any CPU
		{7DB57807-8D93-44C6-BB00-DBEEBFC5594D}.Debug|iPhone.ActiveCfg = Debug|Any CPU
		{7DB57807-8D93-44C6-BB00-DBEEBFC5594D}.Debug|iPhone.Build.0 = Debug|Any CPU
		{7DB57807-8D93-44C6-BB00-DBEEBFC5594D}.Debug|iPhone.Deploy.0 = Debug|Any CPU
		{7DB57807-8D93-44C6-BB00-DBEEBFC5594D}.Debug|iPhoneSimulator.ActiveCfg = Debug|Any CPU
		{7DB57807-8D93-44C6-BB00-DBEEBFC5594D}.Debug|iPhoneSimulator.Build.0 = Debug|Any CPU
		{7DB57807-8D93-44C6-BB00-DBEEBFC5594D}.Debug|iPhoneSimulator.Deploy.0 = Debug|Any CPU
		{7DB57807-8D93-44C6-BB00-DBEEBFC5594D}.Release|Any CPU.ActiveCfg = Release|Any CPU
		{7DB57807-8D93-44C6-BB00-DBEEBFC5594D}.Release|Any CPU.Build.0 = Release|Any CPU
		{7DB57807-8D93-44C6-BB00-DBEEBFC5594D}.Release|Any CPU.Deploy.0 = Release|Any CPU
		{7DB57807-8D93-44C6-BB00-DBEEBFC5594D}.Release|iPhone.ActiveCfg = Release|Any CPU
		{7DB57807-8D93-44C6-BB00-DBEEBFC5594D}.Release|iPhone.Build.0 = Release|Any CPU
		{7DB57807-8D93-44C6-BB00-DBEEBFC5594D}.Release|iPhone.Deploy.0 = Release|Any CPU
		{7DB57807-8D93-44C6-BB00-DBEEBFC5594D}.Release|iPhoneSimulator.ActiveCfg = Release|Any CPU
		{7DB57807-8D93-44C6-BB00-DBEEBFC5594D}.Release|iPhoneSimulator.Build.0 = Release|Any CPU
		{7DB57807-8D93-44C6-BB00-DBEEBFC5594D}.Release|iPhoneSimulator.Deploy.0 = Release|Any CPU
		{50F1F543-7A7B-43A8-B01F-9893F2EEDFA1}.Debug|Any CPU.ActiveCfg = Debug|iPhoneSimulator
		{50F1F543-7A7B-43A8-B01F-9893F2EEDFA1}.Debug|Any CPU.Build.0 = Debug|iPhoneSimulator
		{50F1F543-7A7B-43A8-B01F-9893F2EEDFA1}.Debug|Any CPU.Deploy.0 = Debug|iPhoneSimulator
		{50F1F543-7A7B-43A8-B01F-9893F2EEDFA1}.Debug|iPhone.ActiveCfg = Debug|iPhone
		{50F1F543-7A7B-43A8-B01F-9893F2EEDFA1}.Debug|iPhone.Build.0 = Debug|iPhone
		{50F1F543-7A7B-43A8-B01F-9893F2EEDFA1}.Debug|iPhone.Deploy.0 = Debug|iPhone
		{50F1F543-7A7B-43A8-B01F-9893F2EEDFA1}.Debug|iPhoneSimulator.ActiveCfg = Debug|iPhoneSimulator
		{50F1F543-7A7B-43A8-B01F-9893F2EEDFA1}.Debug|iPhoneSimulator.Build.0 = Debug|iPhoneSimulator
		{50F1F543-7A7B-43A8-B01F-9893F2EEDFA1}.Debug|iPhoneSimulator.Deploy.0 = Debug|iPhoneSimulator
		{50F1F543-7A7B-43A8-B01F-9893F2EEDFA1}.Release|Any CPU.ActiveCfg = Release|iPhone
		{50F1F543-7A7B-43A8-B01F-9893F2EEDFA1}.Release|Any CPU.Build.0 = Release|iPhone
		{50F1F543-7A7B-43A8-B01F-9893F2EEDFA1}.Release|Any CPU.Deploy.0 = Release|iPhone
		{50F1F543-7A7B-43A8-B01F-9893F2EEDFA1}.Release|iPhone.ActiveCfg = Release|iPhone
		{50F1F543-7A7B-43A8-B01F-9893F2EEDFA1}.Release|iPhone.Build.0 = Release|iPhone
		{50F1F543-7A7B-43A8-B01F-9893F2EEDFA1}.Release|iPhone.Deploy.0 = Release|iPhone
		{50F1F543-7A7B-43A8-B01F-9893F2EEDFA1}.Release|iPhoneSimulator.ActiveCfg = Release|iPhoneSimulator
		{50F1F543-7A7B-43A8-B01F-9893F2EEDFA1}.Release|iPhoneSimulator.Build.0 = Release|iPhoneSimulator
		{50F1F543-7A7B-43A8-B01F-9893F2EEDFA1}.Release|iPhoneSimulator.Deploy.0 = Release|iPhoneSimulator
		{99FF066A-880B-4284-90A4-FB437727A4E9}.Debug|Any CPU.ActiveCfg = Debug|Any CPU
		{99FF066A-880B-4284-90A4-FB437727A4E9}.Debug|Any CPU.Build.0 = Debug|Any CPU
		{99FF066A-880B-4284-90A4-FB437727A4E9}.Debug|Any CPU.Deploy.0 = Debug|Any CPU
		{99FF066A-880B-4284-90A4-FB437727A4E9}.Debug|iPhone.ActiveCfg = Debug|Any CPU
		{99FF066A-880B-4284-90A4-FB437727A4E9}.Debug|iPhone.Build.0 = Debug|Any CPU
		{99FF066A-880B-4284-90A4-FB437727A4E9}.Debug|iPhone.Deploy.0 = Debug|Any CPU
		{99FF066A-880B-4284-90A4-FB437727A4E9}.Debug|iPhoneSimulator.ActiveCfg = Debug|Any CPU
		{99FF066A-880B-4284-90A4-FB437727A4E9}.Debug|iPhoneSimulator.Build.0 = Debug|Any CPU
		{99FF066A-880B-4284-90A4-FB437727A4E9}.Debug|iPhoneSimulator.Deploy.0 = Debug|Any CPU
		{99FF066A-880B-4284-90A4-FB437727A4E9}.Release|Any CPU.ActiveCfg = Release|Any CPU
		{99FF066A-880B-4284-90A4-FB437727A4E9}.Release|Any CPU.Build.0 = Release|Any CPU
		{99FF066A-880B-4284-90A4-FB437727A4E9}.Release|Any CPU.Deploy.0 = Release|Any CPU
		{99FF066A-880B-4284-90A4-FB437727A4E9}.Release|iPhone.ActiveCfg = Release|Any CPU
		{99FF066A-880B-4284-90A4-FB437727A4E9}.Release|iPhone.Build.0 = Release|Any CPU
		{99FF066A-880B-4284-90A4-FB437727A4E9}.Release|iPhone.Deploy.0 = Release|Any CPU
		{99FF066A-880B-4284-90A4-FB437727A4E9}.Release|iPhoneSimulator.ActiveCfg = Release|Any CPU
		{99FF066A-880B-4284-90A4-FB437727A4E9}.Release|iPhoneSimulator.Build.0 = Release|Any CPU
		{99FF066A-880B-4284-90A4-FB437727A4E9}.Release|iPhoneSimulator.Deploy.0 = Release|Any CPU
	EndGlobalSection
	GlobalSection(SolutionProperties) = preSolution
		HideSolutionNode = FALSE
	EndGlobalSection
	GlobalSection(ExtensibilityGlobals) = postSolution
		SolutionGuid = {F9D64BD9-AF86-4524-B74E-7BFBA2714B63}
	EndGlobalSection
EndGlobal
