
Microsoft Visual Studio Solution File, Format Version 12.00
# Visual Studio Version 16
VisualStudioVersion = 16.0.29411.108
MinimumVisualStudioVersion = 10.0.40219.1
Project("{FAE04EC0-301F-11D3-BF4B-00C04F79EFBC}") = "MyApp.UWP", "MyApp\MyApp.UWP\MyApp.UWP.csproj", "{9B036EA4-7AFC-44E4-9521-4BE6AD7B9390}"
EndProject
Project("{FAE04EC0-301F-11D3-BF4B-00C04F79EFBC}") = "MyApp.Android", "MyApp\MyApp.Android\MyApp.Android.csproj", "{B09B1979-BA7F-4344-8454-5EF8E483D41D}"
EndProject
Project("{FAE04EC0-301F-11D3-BF4B-00C04F79EFBC}") = "MyApp.iOS", "MyApp\MyApp.iOS\MyApp.iOS.csproj", "{D3BC5DA7-6BFC-4A19-88F9-34CFD6A3B788}"
EndProject
Project("{FAE04EC0-301F-11D3-BF4B-00C04F79EFBC}") = "MyApp", "MyApp\MyApp\MyApp.csproj", "{ACE937D0-D90F-4D19-AA53-9050CA54FB23}"
EndProject
Global
	GlobalSection(SolutionConfigurationPlatforms) = preSolution
		Debug|Any CPU = Debug|Any CPU
		Debug|ARM = Debug|ARM
		Debug|iPhone = Debug|iPhone
		Debug|iPhoneSimulator = Debug|iPhoneSimulator
		Debug|x64 = Debug|x64
		Debug|x86 = Debug|x86
		Release|Any CPU = Release|Any CPU
		Release|ARM = Release|ARM
		Release|iPhone = Release|iPhone
		Release|iPhoneSimulator = Release|iPhoneSimulator
		Release|x64 = Release|x64
		Release|x86 = Release|x86
	EndGlobalSection
	GlobalSection(ProjectConfigurationPlatforms) = postSolution
		{9B036EA4-7AFC-44E4-9521-4BE6AD7B9390}.Debug|Any CPU.ActiveCfg = Debug|x86
		{9B036EA4-7AFC-44E4-9521-4BE6AD7B9390}.Debug|Any CPU.Build.0 = Debug|x86
		{9B036EA4-7AFC-44E4-9521-4BE6AD7B9390}.Debug|Any CPU.Deploy.0 = Debug|x86
		{9B036EA4-7AFC-44E4-9521-4BE6AD7B9390}.Debug|ARM.ActiveCfg = Debug|ARM
		{9B036EA4-7AFC-44E4-9521-4BE6AD7B9390}.Debug|ARM.Build.0 = Debug|ARM
		{9B036EA4-7AFC-44E4-9521-4BE6AD7B9390}.Debug|ARM.Deploy.0 = Debug|ARM
		{9B036EA4-7AFC-44E4-9521-4BE6AD7B9390}.Debug|iPhone.ActiveCfg = Debug|x86
		{9B036EA4-7AFC-44E4-9521-4BE6AD7B9390}.Debug|iPhone.Build.0 = Debug|x86
		{9B036EA4-7AFC-44E4-9521-4BE6AD7B9390}.Debug|iPhone.Deploy.0 = Debug|x86
		{9B036EA4-7AFC-44E4-9521-4BE6AD7B9390}.Debug|iPhoneSimulator.ActiveCfg = Debug|x86
		{9B036EA4-7AFC-44E4-9521-4BE6AD7B9390}.Debug|iPhoneSimulator.Build.0 = Debug|x86
		{9B036EA4-7AFC-44E4-9521-4BE6AD7B9390}.Debug|iPhoneSimulator.Deploy.0 = Debug|x86
		{9B036EA4-7AFC-44E4-9521-4BE6AD7B9390}.Debug|x64.ActiveCfg = Debug|x64
		{9B036EA4-7AFC-44E4-9521-4BE6AD7B9390}.Debug|x64.Build.0 = Debug|x64
		{9B036EA4-7AFC-44E4-9521-4BE6AD7B9390}.Debug|x64.Deploy.0 = Debug|x64
		{9B036EA4-7AFC-44E4-9521-4BE6AD7B9390}.Debug|x86.ActiveCfg = Debug|x86
		{9B036EA4-7AFC-44E4-9521-4BE6AD7B9390}.Debug|x86.Build.0 = Debug|x86
		{9B036EA4-7AFC-44E4-9521-4BE6AD7B9390}.Debug|x86.Deploy.0 = Debug|x86
		{9B036EA4-7AFC-44E4-9521-4BE6AD7B9390}.Release|Any CPU.ActiveCfg = Release|x86
		{9B036EA4-7AFC-44E4-9521-4BE6AD7B9390}.Release|Any CPU.Build.0 = Release|x86
		{9B036EA4-7AFC-44E4-9521-4BE6AD7B9390}.Release|Any CPU.Deploy.0 = Release|x86
		{9B036EA4-7AFC-44E4-9521-4BE6AD7B9390}.Release|ARM.ActiveCfg = Release|ARM
		{9B036EA4-7AFC-44E4-9521-4BE6AD7B9390}.Release|ARM.Build.0 = Release|ARM
		{9B036EA4-7AFC-44E4-9521-4BE6AD7B9390}.Release|ARM.Deploy.0 = Release|ARM
		{9B036EA4-7AFC-44E4-9521-4BE6AD7B9390}.Release|iPhone.ActiveCfg = Release|x86
		{9B036EA4-7AFC-44E4-9521-4BE6AD7B9390}.Release|iPhone.Build.0 = Release|x86
		{9B036EA4-7AFC-44E4-9521-4BE6AD7B9390}.Release|iPhone.Deploy.0 = Release|x86
		{9B036EA4-7AFC-44E4-9521-4BE6AD7B9390}.Release|iPhoneSimulator.ActiveCfg = Release|x86
		{9B036EA4-7AFC-44E4-9521-4BE6AD7B9390}.Release|iPhoneSimulator.Build.0 = Release|x86
		{9B036EA4-7AFC-44E4-9521-4BE6AD7B9390}.Release|iPhoneSimulator.Deploy.0 = Release|x86
		{9B036EA4-7AFC-44E4-9521-4BE6AD7B9390}.Release|x64.ActiveCfg = Release|x64
		{9B036EA4-7AFC-44E4-9521-4BE6AD7B9390}.Release|x64.Build.0 = Release|x64
		{9B036EA4-7AFC-44E4-9521-4BE6AD7B9390}.Release|x64.Deploy.0 = Release|x64
		{9B036EA4-7AFC-44E4-9521-4BE6AD7B9390}.Release|x86.ActiveCfg = Release|x86
		{9B036EA4-7AFC-44E4-9521-4BE6AD7B9390}.Release|x86.Build.0 = Release|x86
		{9B036EA4-7AFC-44E4-9521-4BE6AD7B9390}.Release|x86.Deploy.0 = Release|x86
		{B09B1979-BA7F-4344-8454-5EF8E483D41D}.Debug|Any CPU.ActiveCfg = Debug|Any CPU
		{B09B1979-BA7F-4344-8454-5EF8E483D41D}.Debug|Any CPU.Build.0 = Debug|Any CPU
		{B09B1979-BA7F-4344-8454-5EF8E483D41D}.Debug|Any CPU.Deploy.0 = Debug|Any CPU
		{B09B1979-BA7F-4344-8454-5EF8E483D41D}.Debug|ARM.ActiveCfg = Debug|Any CPU
		{B09B1979-BA7F-4344-8454-5EF8E483D41D}.Debug|ARM.Build.0 = Debug|Any CPU
		{B09B1979-BA7F-4344-8454-5EF8E483D41D}.Debug|ARM.Deploy.0 = Debug|Any CPU
		{B09B1979-BA7F-4344-8454-5EF8E483D41D}.Debug|iPhone.ActiveCfg = Debug|Any CPU
		{B09B1979-BA7F-4344-8454-5EF8E483D41D}.Debug|iPhone.Build.0 = Debug|Any CPU
		{B09B1979-BA7F-4344-8454-5EF8E483D41D}.Debug|iPhone.Deploy.0 = Debug|Any CPU
		{B09B1979-BA7F-4344-8454-5EF8E483D41D}.Debug|iPhoneSimulator.ActiveCfg = Debug|Any CPU
		{B09B1979-BA7F-4344-8454-5EF8E483D41D}.Debug|iPhoneSimulator.Build.0 = Debug|Any CPU
		{B09B1979-BA7F-4344-8454-5EF8E483D41D}.Debug|iPhoneSimulator.Deploy.0 = Debug|Any CPU
		{B09B1979-BA7F-4344-8454-5EF8E483D41D}.Debug|x64.ActiveCfg = Debug|Any CPU
		{B09B1979-BA7F-4344-8454-5EF8E483D41D}.Debug|x64.Build.0 = Debug|Any CPU
		{B09B1979-BA7F-4344-8454-5EF8E483D41D}.Debug|x64.Deploy.0 = Debug|Any CPU
		{B09B1979-BA7F-4344-8454-5EF8E483D41D}.Debug|x86.ActiveCfg = Debug|Any CPU
		{B09B1979-BA7F-4344-8454-5EF8E483D41D}.Debug|x86.Build.0 = Debug|Any CPU
		{B09B1979-BA7F-4344-8454-5EF8E483D41D}.Debug|x86.Deploy.0 = Debug|Any CPU
		{B09B1979-BA7F-4344-8454-5EF8E483D41D}.Release|Any CPU.ActiveCfg = Release|Any CPU
		{B09B1979-BA7F-4344-8454-5EF8E483D41D}.Release|Any CPU.Build.0 = Release|Any CPU
		{B09B1979-BA7F-4344-8454-5EF8E483D41D}.Release|Any CPU.Deploy.0 = Release|Any CPU
		{B09B1979-BA7F-4344-8454-5EF8E483D41D}.Release|ARM.ActiveCfg = Release|Any CPU
		{B09B1979-BA7F-4344-8454-5EF8E483D41D}.Release|ARM.Build.0 = Release|Any CPU
		{B09B1979-BA7F-4344-8454-5EF8E483D41D}.Release|ARM.Deploy.0 = Release|Any CPU
		{B09B1979-BA7F-4344-8454-5EF8E483D41D}.Release|iPhone.ActiveCfg = Release|Any CPU
		{B09B1979-BA7F-4344-8454-5EF8E483D41D}.Release|iPhone.Build.0 = Release|Any CPU
		{B09B1979-BA7F-4344-8454-5EF8E483D41D}.Release|iPhone.Deploy.0 = Release|Any CPU
		{B09B1979-BA7F-4344-8454-5EF8E483D41D}.Release|iPhoneSimulator.ActiveCfg = Release|Any CPU
		{B09B1979-BA7F-4344-8454-5EF8E483D41D}.Release|iPhoneSimulator.Build.0 = Release|Any CPU
		{B09B1979-BA7F-4344-8454-5EF8E483D41D}.Release|iPhoneSimulator.Deploy.0 = Release|Any CPU
		{B09B1979-BA7F-4344-8454-5EF8E483D41D}.Release|x64.ActiveCfg = Release|Any CPU
		{B09B1979-BA7F-4344-8454-5EF8E483D41D}.Release|x64.Build.0 = Release|Any CPU
		{B09B1979-BA7F-4344-8454-5EF8E483D41D}.Release|x64.Deploy.0 = Release|Any CPU
		{B09B1979-BA7F-4344-8454-5EF8E483D41D}.Release|x86.ActiveCfg = Release|Any CPU
		{B09B1979-BA7F-4344-8454-5EF8E483D41D}.Release|x86.Build.0 = Release|Any CPU
		{B09B1979-BA7F-4344-8454-5EF8E483D41D}.Release|x86.Deploy.0 = Release|Any CPU
		{D3BC5DA7-6BFC-4A19-88F9-34CFD6A3B788}.Debug|Any CPU.ActiveCfg = Debug|iPhone
		{D3BC5DA7-6BFC-4A19-88F9-34CFD6A3B788}.Debug|Any CPU.Build.0 = Debug|iPhone
		{D3BC5DA7-6BFC-4A19-88F9-34CFD6A3B788}.Debug|Any CPU.Deploy.0 = Debug|iPhone
		{D3BC5DA7-6BFC-4A19-88F9-34CFD6A3B788}.Debug|ARM.ActiveCfg = Debug|iPhoneSimulator
		{D3BC5DA7-6BFC-4A19-88F9-34CFD6A3B788}.Debug|ARM.Build.0 = Debug|iPhoneSimulator
		{D3BC5DA7-6BFC-4A19-88F9-34CFD6A3B788}.Debug|ARM.Deploy.0 = Debug|iPhoneSimulator
		{D3BC5DA7-6BFC-4A19-88F9-34CFD6A3B788}.Debug|iPhone.ActiveCfg = Debug|iPhone
		{D3BC5DA7-6BFC-4A19-88F9-34CFD6A3B788}.Debug|iPhone.Build.0 = Debug|iPhone
		{D3BC5DA7-6BFC-4A19-88F9-34CFD6A3B788}.Debug|iPhone.Deploy.0 = Debug|iPhone
		{D3BC5DA7-6BFC-4A19-88F9-34CFD6A3B788}.Debug|iPhoneSimulator.ActiveCfg = Debug|iPhoneSimulator
		{D3BC5DA7-6BFC-4A19-88F9-34CFD6A3B788}.Debug|iPhoneSimulator.Build.0 = Debug|iPhoneSimulator
		{D3BC5DA7-6BFC-4A19-88F9-34CFD6A3B788}.Debug|iPhoneSimulator.Deploy.0 = Debug|iPhoneSimulator
		{D3BC5DA7-6BFC-4A19-88F9-34CFD6A3B788}.Debug|x64.ActiveCfg = Debug|iPhone
		{D3BC5DA7-6BFC-4A19-88F9-34CFD6A3B788}.Debug|x64.Build.0 = Debug|iPhone
		{D3BC5DA7-6BFC-4A19-88F9-34CFD6A3B788}.Debug|x64.Deploy.0 = Debug|iPhone
		{D3BC5DA7-6BFC-4A19-88F9-34CFD6A3B788}.Debug|x86.ActiveCfg = Debug|iPhone
		{D3BC5DA7-6BFC-4A19-88F9-34CFD6A3B788}.Debug|x86.Build.0 = Debug|iPhone
		{D3BC5DA7-6BFC-4A19-88F9-34CFD6A3B788}.Debug|x86.Deploy.0 = Debug|iPhone
		{D3BC5DA7-6BFC-4A19-88F9-34CFD6A3B788}.Release|Any CPU.ActiveCfg = Release|iPhone
		{D3BC5DA7-6BFC-4A19-88F9-34CFD6A3B788}.Release|Any CPU.Build.0 = Release|iPhone
		{D3BC5DA7-6BFC-4A19-88F9-34CFD6A3B788}.Release|Any CPU.Deploy.0 = Release|iPhone
		{D3BC5DA7-6BFC-4A19-88F9-34CFD6A3B788}.Release|ARM.ActiveCfg = Release|iPhone
		{D3BC5DA7-6BFC-4A19-88F9-34CFD6A3B788}.Release|ARM.Build.0 = Release|iPhone
		{D3BC5DA7-6BFC-4A19-88F9-34CFD6A3B788}.Release|ARM.Deploy.0 = Release|iPhone
		{D3BC5DA7-6BFC-4A19-88F9-34CFD6A3B788}.Release|iPhone.ActiveCfg = Release|iPhone
		{D3BC5DA7-6BFC-4A19-88F9-34CFD6A3B788}.Release|iPhone.Build.0 = Release|iPhone
		{D3BC5DA7-6BFC-4A19-88F9-34CFD6A3B788}.Release|iPhone.Deploy.0 = Release|iPhone
		{D3BC5DA7-6BFC-4A19-88F9-34CFD6A3B788}.Release|iPhoneSimulator.ActiveCfg = Release|iPhoneSimulator
		{D3BC5DA7-6BFC-4A19-88F9-34CFD6A3B788}.Release|iPhoneSimulator.Build.0 = Release|iPhoneSimulator
		{D3BC5DA7-6BFC-4A19-88F9-34CFD6A3B788}.Release|iPhoneSimulator.Deploy.0 = Release|iPhoneSimulator
		{D3BC5DA7-6BFC-4A19-88F9-34CFD6A3B788}.Release|x64.ActiveCfg = Release|iPhone
		{D3BC5DA7-6BFC-4A19-88F9-34CFD6A3B788}.Release|x64.Build.0 = Release|iPhone
		{D3BC5DA7-6BFC-4A19-88F9-34CFD6A3B788}.Release|x64.Deploy.0 = Release|iPhone
		{D3BC5DA7-6BFC-4A19-88F9-34CFD6A3B788}.Release|x86.ActiveCfg = Release|iPhone
		{D3BC5DA7-6BFC-4A19-88F9-34CFD6A3B788}.Release|x86.Build.0 = Release|iPhone
		{D3BC5DA7-6BFC-4A19-88F9-34CFD6A3B788}.Release|x86.Deploy.0 = Release|iPhone
		{ACE937D0-D90F-4D19-AA53-9050CA54FB23}.Debug|Any CPU.ActiveCfg = Debug|Any CPU
		{ACE937D0-D90F-4D19-AA53-9050CA54FB23}.Debug|Any CPU.Build.0 = Debug|Any CPU
		{ACE937D0-D90F-4D19-AA53-9050CA54FB23}.Debug|Any CPU.Deploy.0 = Debug|Any CPU
		{ACE937D0-D90F-4D19-AA53-9050CA54FB23}.Debug|ARM.ActiveCfg = Debug|Any CPU
		{ACE937D0-D90F-4D19-AA53-9050CA54FB23}.Debug|ARM.Build.0 = Debug|Any CPU
		{ACE937D0-D90F-4D19-AA53-9050CA54FB23}.Debug|ARM.Deploy.0 = Debug|Any CPU
		{ACE937D0-D90F-4D19-AA53-9050CA54FB23}.Debug|iPhone.ActiveCfg = Debug|Any CPU
		{ACE937D0-D90F-4D19-AA53-9050CA54FB23}.Debug|iPhone.Build.0 = Debug|Any CPU
		{ACE937D0-D90F-4D19-AA53-9050CA54FB23}.Debug|iPhone.Deploy.0 = Debug|Any CPU
		{ACE937D0-D90F-4D19-AA53-9050CA54FB23}.Debug|iPhoneSimulator.ActiveCfg = Debug|Any CPU
		{ACE937D0-D90F-4D19-AA53-9050CA54FB23}.Debug|iPhoneSimulator.Build.0 = Debug|Any CPU
		{ACE937D0-D90F-4D19-AA53-9050CA54FB23}.Debug|iPhoneSimulator.Deploy.0 = Debug|Any CPU
		{ACE937D0-D90F-4D19-AA53-9050CA54FB23}.Debug|x64.ActiveCfg = Debug|Any CPU
		{ACE937D0-D90F-4D19-AA53-9050CA54FB23}.Debug|x64.Build.0 = Debug|Any CPU
		{ACE937D0-D90F-4D19-AA53-9050CA54FB23}.Debug|x64.Deploy.0 = Debug|Any CPU
		{ACE937D0-D90F-4D19-AA53-9050CA54FB23}.Debug|x86.ActiveCfg = Debug|Any CPU
		{ACE937D0-D90F-4D19-AA53-9050CA54FB23}.Debug|x86.Build.0 = Debug|Any CPU
		{ACE937D0-D90F-4D19-AA53-9050CA54FB23}.Debug|x86.Deploy.0 = Debug|Any CPU
		{ACE937D0-D90F-4D19-AA53-9050CA54FB23}.Release|Any CPU.ActiveCfg = Release|Any CPU
		{ACE937D0-D90F-4D19-AA53-9050CA54FB23}.Release|Any CPU.Build.0 = Release|Any CPU
		{ACE937D0-D90F-4D19-AA53-9050CA54FB23}.Release|Any CPU.Deploy.0 = Release|Any CPU
		{ACE937D0-D90F-4D19-AA53-9050CA54FB23}.Release|ARM.ActiveCfg = Release|Any CPU
		{ACE937D0-D90F-4D19-AA53-9050CA54FB23}.Release|ARM.Build.0 = Release|Any CPU
		{ACE937D0-D90F-4D19-AA53-9050CA54FB23}.Release|ARM.Deploy.0 = Release|Any CPU
		{ACE937D0-D90F-4D19-AA53-9050CA54FB23}.Release|iPhone.ActiveCfg = Release|Any CPU
		{ACE937D0-D90F-4D19-AA53-9050CA54FB23}.Release|iPhone.Build.0 = Release|Any CPU
		{ACE937D0-D90F-4D19-AA53-9050CA54FB23}.Release|iPhone.Deploy.0 = Release|Any CPU
		{ACE937D0-D90F-4D19-AA53-9050CA54FB23}.Release|iPhoneSimulator.ActiveCfg = Release|Any CPU
		{ACE937D0-D90F-4D19-AA53-9050CA54FB23}.Release|iPhoneSimulator.Build.0 = Release|Any CPU
		{ACE937D0-D90F-4D19-AA53-9050CA54FB23}.Release|iPhoneSimulator.Deploy.0 = Release|Any CPU
		{ACE937D0-D90F-4D19-AA53-9050CA54FB23}.Release|x64.ActiveCfg = Release|Any CPU
		{ACE937D0-D90F-4D19-AA53-9050CA54FB23}.Release|x64.Build.0 = Release|Any CPU
		{ACE937D0-D90F-4D19-AA53-9050CA54FB23}.Release|x64.Deploy.0 = Release|Any CPU
		{ACE937D0-D90F-4D19-AA53-9050CA54FB23}.Release|x86.ActiveCfg = Release|Any CPU
		{ACE937D0-D90F-4D19-AA53-9050CA54FB23}.Release|x86.Build.0 = Release|Any CPU
		{ACE937D0-D90F-4D19-AA53-9050CA54FB23}.Release|x86.Deploy.0 = Release|Any CPU
	EndGlobalSection
	GlobalSection(SolutionProperties) = preSolution
		HideSolutionNode = FALSE
	EndGlobalSection
	GlobalSection(ExtensibilityGlobals) = postSolution
		SolutionGuid = {20FCE700-0C0F-406D-B09B-CB972570963A}
	EndGlobalSection
EndGlobal
