
Microsoft Visual Studio Solution File, Format Version 12.00
# Visual Studio Version 16
VisualStudioVersion = 16.0.29324.140
MinimumVisualStudioVersion = 10.0.40219.1
Project("{FAE04EC0-301F-11D3-BF4B-00C04F79EFBC}") = "FirstXAML.UWP", "FirstXAML\FirstXAML.UWP\FirstXAML.UWP.csproj", "{FCA2E9CF-04F2-4858-82F4-46DD83FC4B75}"
EndProject
Project("{FAE04EC0-301F-11D3-BF4B-00C04F79EFBC}") = "FirstXAML.Android", "FirstXAML\FirstXAML.Android\FirstXAML.Android.csproj", "{1BC5CCB3-0D0A-4E0B-8E96-DEE5134D97F5}"
EndProject
Project("{FAE04EC0-301F-11D3-BF4B-00C04F79EFBC}") = "FirstXAML.iOS", "FirstXAML\FirstXAML.iOS\FirstXAML.iOS.csproj", "{74F0BDBA-623E-4D37-A8DE-258E92533A81}"
EndProject
Project("{FAE04EC0-301F-11D3-BF4B-00C04F79EFBC}") = "FirstXAML", "FirstXAML\FirstXAML\FirstXAML.csproj", "{A090B68E-FFFA-4D02-9C70-867E77DAAA01}"
EndProject
Global
	GlobalSection(SolutionConfigurationPlatforms) = preSolution
		Debug|Any CPU = Debug|Any CPU
		Debug|ARM = Debug|ARM
		Debug|iPhone = Debug|iPhone
		Debug|iPhoneSimulator = Debug|iPhoneSimulator
		Debug|x64 = Debug|x64
		Debug|x86 = Debug|x86
		Release|Any CPU = Release|Any CPU
		Release|ARM = Release|ARM
		Release|iPhone = Release|iPhone
		Release|iPhoneSimulator = Release|iPhoneSimulator
		Release|x64 = Release|x64
		Release|x86 = Release|x86
	EndGlobalSection
	GlobalSection(ProjectConfigurationPlatforms) = postSolution
		{FCA2E9CF-04F2-4858-82F4-46DD83FC4B75}.Debug|Any CPU.ActiveCfg = Debug|x86
		{FCA2E9CF-04F2-4858-82F4-46DD83FC4B75}.Debug|Any CPU.Build.0 = Debug|x86
		{FCA2E9CF-04F2-4858-82F4-46DD83FC4B75}.Debug|Any CPU.Deploy.0 = Debug|x86
		{FCA2E9CF-04F2-4858-82F4-46DD83FC4B75}.Debug|ARM.ActiveCfg = Debug|ARM
		{FCA2E9CF-04F2-4858-82F4-46DD83FC4B75}.Debug|ARM.Build.0 = Debug|ARM
		{FCA2E9CF-04F2-4858-82F4-46DD83FC4B75}.Debug|ARM.Deploy.0 = Debug|ARM
		{FCA2E9CF-04F2-4858-82F4-46DD83FC4B75}.Debug|iPhone.ActiveCfg = Debug|x86
		{FCA2E9CF-04F2-4858-82F4-46DD83FC4B75}.Debug|iPhone.Build.0 = Debug|x86
		{FCA2E9CF-04F2-4858-82F4-46DD83FC4B75}.Debug|iPhone.Deploy.0 = Debug|x86
		{FCA2E9CF-04F2-4858-82F4-46DD83FC4B75}.Debug|iPhoneSimulator.ActiveCfg = Debug|x86
		{FCA2E9CF-04F2-4858-82F4-46DD83FC4B75}.Debug|iPhoneSimulator.Build.0 = Debug|x86
		{FCA2E9CF-04F2-4858-82F4-46DD83FC4B75}.Debug|iPhoneSimulator.Deploy.0 = Debug|x86
		{FCA2E9CF-04F2-4858-82F4-46DD83FC4B75}.Debug|x64.ActiveCfg = Debug|x64
		{FCA2E9CF-04F2-4858-82F4-46DD83FC4B75}.Debug|x64.Build.0 = Debug|x64
		{FCA2E9CF-04F2-4858-82F4-46DD83FC4B75}.Debug|x64.Deploy.0 = Debug|x64
		{FCA2E9CF-04F2-4858-82F4-46DD83FC4B75}.Debug|x86.ActiveCfg = Debug|x86
		{FCA2E9CF-04F2-4858-82F4-46DD83FC4B75}.Debug|x86.Build.0 = Debug|x86
		{FCA2E9CF-04F2-4858-82F4-46DD83FC4B75}.Debug|x86.Deploy.0 = Debug|x86
		{FCA2E9CF-04F2-4858-82F4-46DD83FC4B75}.Release|Any CPU.ActiveCfg = Release|x86
		{FCA2E9CF-04F2-4858-82F4-46DD83FC4B75}.Release|Any CPU.Build.0 = Release|x86
		{FCA2E9CF-04F2-4858-82F4-46DD83FC4B75}.Release|Any CPU.Deploy.0 = Release|x86
		{FCA2E9CF-04F2-4858-82F4-46DD83FC4B75}.Release|ARM.ActiveCfg = Release|ARM
		{FCA2E9CF-04F2-4858-82F4-46DD83FC4B75}.Release|ARM.Build.0 = Release|ARM
		{FCA2E9CF-04F2-4858-82F4-46DD83FC4B75}.Release|ARM.Deploy.0 = Release|ARM
		{FCA2E9CF-04F2-4858-82F4-46DD83FC4B75}.Release|iPhone.ActiveCfg = Release|x86
		{FCA2E9CF-04F2-4858-82F4-46DD83FC4B75}.Release|iPhone.Build.0 = Release|x86
		{FCA2E9CF-04F2-4858-82F4-46DD83FC4B75}.Release|iPhone.Deploy.0 = Release|x86
		{FCA2E9CF-04F2-4858-82F4-46DD83FC4B75}.Release|iPhoneSimulator.ActiveCfg = Release|x86
		{FCA2E9CF-04F2-4858-82F4-46DD83FC4B75}.Release|iPhoneSimulator.Build.0 = Release|x86
		{FCA2E9CF-04F2-4858-82F4-46DD83FC4B75}.Release|iPhoneSimulator.Deploy.0 = Release|x86
		{FCA2E9CF-04F2-4858-82F4-46DD83FC4B75}.Release|x64.ActiveCfg = Release|x64
		{FCA2E9CF-04F2-4858-82F4-46DD83FC4B75}.Release|x64.Build.0 = Release|x64
		{FCA2E9CF-04F2-4858-82F4-46DD83FC4B75}.Release|x64.Deploy.0 = Release|x64
		{FCA2E9CF-04F2-4858-82F4-46DD83FC4B75}.Release|x86.ActiveCfg = Release|x86
		{FCA2E9CF-04F2-4858-82F4-46DD83FC4B75}.Release|x86.Build.0 = Release|x86
		{FCA2E9CF-04F2-4858-82F4-46DD83FC4B75}.Release|x86.Deploy.0 = Release|x86
		{1BC5CCB3-0D0A-4E0B-8E96-DEE5134D97F5}.Debug|Any CPU.ActiveCfg = Debug|Any CPU
		{1BC5CCB3-0D0A-4E0B-8E96-DEE5134D97F5}.Debug|Any CPU.Build.0 = Debug|Any CPU
		{1BC5CCB3-0D0A-4E0B-8E96-DEE5134D97F5}.Debug|Any CPU.Deploy.0 = Debug|Any CPU
		{1BC5CCB3-0D0A-4E0B-8E96-DEE5134D97F5}.Debug|ARM.ActiveCfg = Debug|Any CPU
		{1BC5CCB3-0D0A-4E0B-8E96-DEE5134D97F5}.Debug|ARM.Build.0 = Debug|Any CPU
		{1BC5CCB3-0D0A-4E0B-8E96-DEE5134D97F5}.Debug|ARM.Deploy.0 = Debug|Any CPU
		{1BC5CCB3-0D0A-4E0B-8E96-DEE5134D97F5}.Debug|iPhone.ActiveCfg = Debug|Any CPU
		{1BC5CCB3-0D0A-4E0B-8E96-DEE5134D97F5}.Debug|iPhone.Build.0 = Debug|Any CPU
		{1BC5CCB3-0D0A-4E0B-8E96-DEE5134D97F5}.Debug|iPhone.Deploy.0 = Debug|Any CPU
		{1BC5CCB3-0D0A-4E0B-8E96-DEE5134D97F5}.Debug|iPhoneSimulator.ActiveCfg = Debug|Any CPU
		{1BC5CCB3-0D0A-4E0B-8E96-DEE5134D97F5}.Debug|iPhoneSimulator.Build.0 = Debug|Any CPU
		{1BC5CCB3-0D0A-4E0B-8E96-DEE5134D97F5}.Debug|iPhoneSimulator.Deploy.0 = Debug|Any CPU
		{1BC5CCB3-0D0A-4E0B-8E96-DEE5134D97F5}.Debug|x64.ActiveCfg = Debug|Any CPU
		{1BC5CCB3-0D0A-4E0B-8E96-DEE5134D97F5}.Debug|x64.Build.0 = Debug|Any CPU
		{1BC5CCB3-0D0A-4E0B-8E96-DEE5134D97F5}.Debug|x64.Deploy.0 = Debug|Any CPU
		{1BC5CCB3-0D0A-4E0B-8E96-DEE5134D97F5}.Debug|x86.ActiveCfg = Debug|Any CPU
		{1BC5CCB3-0D0A-4E0B-8E96-DEE5134D97F5}.Debug|x86.Build.0 = Debug|Any CPU
		{1BC5CCB3-0D0A-4E0B-8E96-DEE5134D97F5}.Debug|x86.Deploy.0 = Debug|Any CPU
		{1BC5CCB3-0D0A-4E0B-8E96-DEE5134D97F5}.Release|Any CPU.ActiveCfg = Release|Any CPU
		{1BC5CCB3-0D0A-4E0B-8E96-DEE5134D97F5}.Release|Any CPU.Build.0 = Release|Any CPU
		{1BC5CCB3-0D0A-4E0B-8E96-DEE5134D97F5}.Release|Any CPU.Deploy.0 = Release|Any CPU
		{1BC5CCB3-0D0A-4E0B-8E96-DEE5134D97F5}.Release|ARM.ActiveCfg = Release|Any CPU
		{1BC5CCB3-0D0A-4E0B-8E96-DEE5134D97F5}.Release|ARM.Build.0 = Release|Any CPU
		{1BC5CCB3-0D0A-4E0B-8E96-DEE5134D97F5}.Release|ARM.Deploy.0 = Release|Any CPU
		{1BC5CCB3-0D0A-4E0B-8E96-DEE5134D97F5}.Release|iPhone.ActiveCfg = Release|Any CPU
		{1BC5CCB3-0D0A-4E0B-8E96-DEE5134D97F5}.Release|iPhone.Build.0 = Release|Any CPU
		{1BC5CCB3-0D0A-4E0B-8E96-DEE5134D97F5}.Release|iPhone.Deploy.0 = Release|Any CPU
		{1BC5CCB3-0D0A-4E0B-8E96-DEE5134D97F5}.Release|iPhoneSimulator.ActiveCfg = Release|Any CPU
		{1BC5CCB3-0D0A-4E0B-8E96-DEE5134D97F5}.Release|iPhoneSimulator.Build.0 = Release|Any CPU
		{1BC5CCB3-0D0A-4E0B-8E96-DEE5134D97F5}.Release|iPhoneSimulator.Deploy.0 = Release|Any CPU
		{1BC5CCB3-0D0A-4E0B-8E96-DEE5134D97F5}.Release|x64.ActiveCfg = Release|Any CPU
		{1BC5CCB3-0D0A-4E0B-8E96-DEE5134D97F5}.Release|x64.Build.0 = Release|Any CPU
		{1BC5CCB3-0D0A-4E0B-8E96-DEE5134D97F5}.Release|x64.Deploy.0 = Release|Any CPU
		{1BC5CCB3-0D0A-4E0B-8E96-DEE5134D97F5}.Release|x86.ActiveCfg = Release|Any CPU
		{1BC5CCB3-0D0A-4E0B-8E96-DEE5134D97F5}.Release|x86.Build.0 = Release|Any CPU
		{1BC5CCB3-0D0A-4E0B-8E96-DEE5134D97F5}.Release|x86.Deploy.0 = Release|Any CPU
		{74F0BDBA-623E-4D37-A8DE-258E92533A81}.Debug|Any CPU.ActiveCfg = Debug|iPhone
		{74F0BDBA-623E-4D37-A8DE-258E92533A81}.Debug|Any CPU.Build.0 = Debug|iPhone
		{74F0BDBA-623E-4D37-A8DE-258E92533A81}.Debug|Any CPU.Deploy.0 = Debug|iPhone
		{74F0BDBA-623E-4D37-A8DE-258E92533A81}.Debug|ARM.ActiveCfg = Debug|iPhoneSimulator
		{74F0BDBA-623E-4D37-A8DE-258E92533A81}.Debug|ARM.Build.0 = Debug|iPhoneSimulator
		{74F0BDBA-623E-4D37-A8DE-258E92533A81}.Debug|ARM.Deploy.0 = Debug|iPhoneSimulator
		{74F0BDBA-623E-4D37-A8DE-258E92533A81}.Debug|iPhone.ActiveCfg = Debug|iPhone
		{74F0BDBA-623E-4D37-A8DE-258E92533A81}.Debug|iPhone.Build.0 = Debug|iPhone
		{74F0BDBA-623E-4D37-A8DE-258E92533A81}.Debug|iPhone.Deploy.0 = Debug|iPhone
		{74F0BDBA-623E-4D37-A8DE-258E92533A81}.Debug|iPhoneSimulator.ActiveCfg = Debug|iPhoneSimulator
		{74F0BDBA-623E-4D37-A8DE-258E92533A81}.Debug|iPhoneSimulator.Build.0 = Debug|iPhoneSimulator
		{74F0BDBA-623E-4D37-A8DE-258E92533A81}.Debug|iPhoneSimulator.Deploy.0 = Debug|iPhoneSimulator
		{74F0BDBA-623E-4D37-A8DE-258E92533A81}.Debug|x64.ActiveCfg = Debug|iPhone
		{74F0BDBA-623E-4D37-A8DE-258E92533A81}.Debug|x64.Build.0 = Debug|iPhone
		{74F0BDBA-623E-4D37-A8DE-258E92533A81}.Debug|x64.Deploy.0 = Debug|iPhone
		{74F0BDBA-623E-4D37-A8DE-258E92533A81}.Debug|x86.ActiveCfg = Debug|iPhone
		{74F0BDBA-623E-4D37-A8DE-258E92533A81}.Debug|x86.Build.0 = Debug|iPhone
		{74F0BDBA-623E-4D37-A8DE-258E92533A81}.Debug|x86.Deploy.0 = Debug|iPhone
		{74F0BDBA-623E-4D37-A8DE-258E92533A81}.Release|Any CPU.ActiveCfg = Release|iPhone
		{74F0BDBA-623E-4D37-A8DE-258E92533A81}.Release|Any CPU.Build.0 = Release|iPhone
		{74F0BDBA-623E-4D37-A8DE-258E92533A81}.Release|Any CPU.Deploy.0 = Release|iPhone
		{74F0BDBA-623E-4D37-A8DE-258E92533A81}.Release|ARM.ActiveCfg = Release|iPhone
		{74F0BDBA-623E-4D37-A8DE-258E92533A81}.Release|ARM.Build.0 = Release|iPhone
		{74F0BDBA-623E-4D37-A8DE-258E92533A81}.Release|ARM.Deploy.0 = Release|iPhone
		{74F0BDBA-623E-4D37-A8DE-258E92533A81}.Release|iPhone.ActiveCfg = Release|iPhone
		{74F0BDBA-623E-4D37-A8DE-258E92533A81}.Release|iPhone.Build.0 = Release|iPhone
		{74F0BDBA-623E-4D37-A8DE-258E92533A81}.Release|iPhone.Deploy.0 = Release|iPhone
		{74F0BDBA-623E-4D37-A8DE-258E92533A81}.Release|iPhoneSimulator.ActiveCfg = Release|iPhoneSimulator
		{74F0BDBA-623E-4D37-A8DE-258E92533A81}.Release|iPhoneSimulator.Build.0 = Release|iPhoneSimulator
		{74F0BDBA-623E-4D37-A8DE-258E92533A81}.Release|iPhoneSimulator.Deploy.0 = Release|iPhoneSimulator
		{74F0BDBA-623E-4D37-A8DE-258E92533A81}.Release|x64.ActiveCfg = Release|iPhone
		{74F0BDBA-623E-4D37-A8DE-258E92533A81}.Release|x64.Build.0 = Release|iPhone
		{74F0BDBA-623E-4D37-A8DE-258E92533A81}.Release|x64.Deploy.0 = Release|iPhone
		{74F0BDBA-623E-4D37-A8DE-258E92533A81}.Release|x86.ActiveCfg = Release|iPhone
		{74F0BDBA-623E-4D37-A8DE-258E92533A81}.Release|x86.Build.0 = Release|iPhone
		{74F0BDBA-623E-4D37-A8DE-258E92533A81}.Release|x86.Deploy.0 = Release|iPhone
		{A090B68E-FFFA-4D02-9C70-867E77DAAA01}.Debug|Any CPU.ActiveCfg = Debug|Any CPU
		{A090B68E-FFFA-4D02-9C70-867E77DAAA01}.Debug|Any CPU.Build.0 = Debug|Any CPU
		{A090B68E-FFFA-4D02-9C70-867E77DAAA01}.Debug|Any CPU.Deploy.0 = Debug|Any CPU
		{A090B68E-FFFA-4D02-9C70-867E77DAAA01}.Debug|ARM.ActiveCfg = Debug|Any CPU
		{A090B68E-FFFA-4D02-9C70-867E77DAAA01}.Debug|ARM.Build.0 = Debug|Any CPU
		{A090B68E-FFFA-4D02-9C70-867E77DAAA01}.Debug|ARM.Deploy.0 = Debug|Any CPU
		{A090B68E-FFFA-4D02-9C70-867E77DAAA01}.Debug|iPhone.ActiveCfg = Debug|Any CPU
		{A090B68E-FFFA-4D02-9C70-867E77DAAA01}.Debug|iPhone.Build.0 = Debug|Any CPU
		{A090B68E-FFFA-4D02-9C70-867E77DAAA01}.Debug|iPhone.Deploy.0 = Debug|Any CPU
		{A090B68E-FFFA-4D02-9C70-867E77DAAA01}.Debug|iPhoneSimulator.ActiveCfg = Debug|Any CPU
		{A090B68E-FFFA-4D02-9C70-867E77DAAA01}.Debug|iPhoneSimulator.Build.0 = Debug|Any CPU
		{A090B68E-FFFA-4D02-9C70-867E77DAAA01}.Debug|iPhoneSimulator.Deploy.0 = Debug|Any CPU
		{A090B68E-FFFA-4D02-9C70-867E77DAAA01}.Debug|x64.ActiveCfg = Debug|Any CPU
		{A090B68E-FFFA-4D02-9C70-867E77DAAA01}.Debug|x64.Build.0 = Debug|Any CPU
		{A090B68E-FFFA-4D02-9C70-867E77DAAA01}.Debug|x64.Deploy.0 = Debug|Any CPU
		{A090B68E-FFFA-4D02-9C70-867E77DAAA01}.Debug|x86.ActiveCfg = Debug|Any CPU
		{A090B68E-FFFA-4D02-9C70-867E77DAAA01}.Debug|x86.Build.0 = Debug|Any CPU
		{A090B68E-FFFA-4D02-9C70-867E77DAAA01}.Debug|x86.Deploy.0 = Debug|Any CPU
		{A090B68E-FFFA-4D02-9C70-867E77DAAA01}.Release|Any CPU.ActiveCfg = Release|Any CPU
		{A090B68E-FFFA-4D02-9C70-867E77DAAA01}.Release|Any CPU.Build.0 = Release|Any CPU
		{A090B68E-FFFA-4D02-9C70-867E77DAAA01}.Release|Any CPU.Deploy.0 = Release|Any CPU
		{A090B68E-FFFA-4D02-9C70-867E77DAAA01}.Release|ARM.ActiveCfg = Release|Any CPU
		{A090B68E-FFFA-4D02-9C70-867E77DAAA01}.Release|ARM.Build.0 = Release|Any CPU
		{A090B68E-FFFA-4D02-9C70-867E77DAAA01}.Release|ARM.Deploy.0 = Release|Any CPU
		{A090B68E-FFFA-4D02-9C70-867E77DAAA01}.Release|iPhone.ActiveCfg = Release|Any CPU
		{A090B68E-FFFA-4D02-9C70-867E77DAAA01}.Release|iPhone.Build.0 = Release|Any CPU
		{A090B68E-FFFA-4D02-9C70-867E77DAAA01}.Release|iPhone.Deploy.0 = Release|Any CPU
		{A090B68E-FFFA-4D02-9C70-867E77DAAA01}.Release|iPhoneSimulator.ActiveCfg = Release|Any CPU
		{A090B68E-FFFA-4D02-9C70-867E77DAAA01}.Release|iPhoneSimulator.Build.0 = Release|Any CPU
		{A090B68E-FFFA-4D02-9C70-867E77DAAA01}.Release|iPhoneSimulator.Deploy.0 = Release|Any CPU
		{A090B68E-FFFA-4D02-9C70-867E77DAAA01}.Release|x64.ActiveCfg = Release|Any CPU
		{A090B68E-FFFA-4D02-9C70-867E77DAAA01}.Release|x64.Build.0 = Release|Any CPU
		{A090B68E-FFFA-4D02-9C70-867E77DAAA01}.Release|x64.Deploy.0 = Release|Any CPU
		{A090B68E-FFFA-4D02-9C70-867E77DAAA01}.Release|x86.ActiveCfg = Release|Any CPU
		{A090B68E-FFFA-4D02-9C70-867E77DAAA01}.Release|x86.Build.0 = Release|Any CPU
		{A090B68E-FFFA-4D02-9C70-867E77DAAA01}.Release|x86.Deploy.0 = Release|Any CPU
	EndGlobalSection
	GlobalSection(SolutionProperties) = preSolution
		HideSolutionNode = FALSE
	EndGlobalSection
	GlobalSection(ExtensibilityGlobals) = postSolution
		SolutionGuid = {EB22152F-75A4-4A10-9F68-5A0A7A022870}
	EndGlobalSection
EndGlobal
