
Microsoft Visual Studio Solution File, Format Version 12.00
# Visual Studio Version 16
VisualStudioVersion = 16.0.29324.140
MinimumVisualStudioVersion = 10.0.40219.1
Project("{FAE04EC0-301F-11D3-BF4B-00C04F79EFBC}") = "StatusBars.Android", "StatusBars\StatusBars.Android\StatusBars.Android.csproj", "{0DB4DF39-6954-4860-8C32-E9C7F207C1E8}"
EndProject
Project("{FAE04EC0-301F-11D3-BF4B-00C04F79EFBC}") = "StatusBars.iOS", "StatusBars\StatusBars.iOS\StatusBars.iOS.csproj", "{6EE3DF8D-87BC-4D70-ACD7-535C67BA7D72}"
EndProject
Project("{FAE04EC0-301F-11D3-BF4B-00C04F79EFBC}") = "StatusBars", "StatusBars\StatusBars\StatusBars.csproj", "{CA2E6CF2-7890-4DF5-A9C3-ACA286798815}"
EndProject
Global
	GlobalSection(SolutionConfigurationPlatforms) = preSolution
		Debug|Any CPU = Debug|Any CPU
		Debug|iPhone = Debug|iPhone
		Debug|iPhoneSimulator = Debug|iPhoneSimulator
		Release|Any CPU = Release|Any CPU
		Release|iPhone = Release|iPhone
		Release|iPhoneSimulator = Release|iPhoneSimulator
	EndGlobalSection
	GlobalSection(ProjectConfigurationPlatforms) = postSolution
		{0DB4DF39-6954-4860-8C32-E9C7F207C1E8}.Debug|Any CPU.ActiveCfg = Debug|Any CPU
		{0DB4DF39-6954-4860-8C32-E9C7F207C1E8}.Debug|Any CPU.Build.0 = Debug|Any CPU
		{0DB4DF39-6954-4860-8C32-E9C7F207C1E8}.Debug|Any CPU.Deploy.0 = Debug|Any CPU
		{0DB4DF39-6954-4860-8C32-E9C7F207C1E8}.Debug|iPhone.ActiveCfg = Debug|Any CPU
		{0DB4DF39-6954-4860-8C32-E9C7F207C1E8}.Debug|iPhone.Build.0 = Debug|Any CPU
		{0DB4DF39-6954-4860-8C32-E9C7F207C1E8}.Debug|iPhone.Deploy.0 = Debug|Any CPU
		{0DB4DF39-6954-4860-8C32-E9C7F207C1E8}.Debug|iPhoneSimulator.ActiveCfg = Debug|Any CPU
		{0DB4DF39-6954-4860-8C32-E9C7F207C1E8}.Debug|iPhoneSimulator.Build.0 = Debug|Any CPU
		{0DB4DF39-6954-4860-8C32-E9C7F207C1E8}.Debug|iPhoneSimulator.Deploy.0 = Debug|Any CPU
		{0DB4DF39-6954-4860-8C32-E9C7F207C1E8}.Release|Any CPU.ActiveCfg = Release|Any CPU
		{0DB4DF39-6954-4860-8C32-E9C7F207C1E8}.Release|Any CPU.Build.0 = Release|Any CPU
		{0DB4DF39-6954-4860-8C32-E9C7F207C1E8}.Release|Any CPU.Deploy.0 = Release|Any CPU
		{0DB4DF39-6954-4860-8C32-E9C7F207C1E8}.Release|iPhone.ActiveCfg = Release|Any CPU
		{0DB4DF39-6954-4860-8C32-E9C7F207C1E8}.Release|iPhone.Build.0 = Release|Any CPU
		{0DB4DF39-6954-4860-8C32-E9C7F207C1E8}.Release|iPhone.Deploy.0 = Release|Any CPU
		{0DB4DF39-6954-4860-8C32-E9C7F207C1E8}.Release|iPhoneSimulator.ActiveCfg = Release|Any CPU
		{0DB4DF39-6954-4860-8C32-E9C7F207C1E8}.Release|iPhoneSimulator.Build.0 = Release|Any CPU
		{0DB4DF39-6954-4860-8C32-E9C7F207C1E8}.Release|iPhoneSimulator.Deploy.0 = Release|Any CPU
		{6EE3DF8D-87BC-4D70-ACD7-535C67BA7D72}.Debug|Any CPU.ActiveCfg = Debug|iPhoneSimulator
		{6EE3DF8D-87BC-4D70-ACD7-535C67BA7D72}.Debug|Any CPU.Build.0 = Debug|iPhoneSimulator
		{6EE3DF8D-87BC-4D70-ACD7-535C67BA7D72}.Debug|Any CPU.Deploy.0 = Debug|iPhoneSimulator
		{6EE3DF8D-87BC-4D70-ACD7-535C67BA7D72}.Debug|iPhone.ActiveCfg = Debug|iPhone
		{6EE3DF8D-87BC-4D70-ACD7-535C67BA7D72}.Debug|iPhone.Build.0 = Debug|iPhone
		{6EE3DF8D-87BC-4D70-ACD7-535C67BA7D72}.Debug|iPhone.Deploy.0 = Debug|iPhone
		{6EE3DF8D-87BC-4D70-ACD7-535C67BA7D72}.Debug|iPhoneSimulator.ActiveCfg = Debug|iPhoneSimulator
		{6EE3DF8D-87BC-4D70-ACD7-535C67BA7D72}.Debug|iPhoneSimulator.Build.0 = Debug|iPhoneSimulator
		{6EE3DF8D-87BC-4D70-ACD7-535C67BA7D72}.Debug|iPhoneSimulator.Deploy.0 = Debug|iPhoneSimulator
		{6EE3DF8D-87BC-4D70-ACD7-535C67BA7D72}.Release|Any CPU.ActiveCfg = Release|iPhone
		{6EE3DF8D-87BC-4D70-ACD7-535C67BA7D72}.Release|Any CPU.Build.0 = Release|iPhone
		{6EE3DF8D-87BC-4D70-ACD7-535C67BA7D72}.Release|Any CPU.Deploy.0 = Release|iPhone
		{6EE3DF8D-87BC-4D70-ACD7-535C67BA7D72}.Release|iPhone.ActiveCfg = Release|iPhone
		{6EE3DF8D-87BC-4D70-ACD7-535C67BA7D72}.Release|iPhone.Build.0 = Release|iPhone
		{6EE3DF8D-87BC-4D70-ACD7-535C67BA7D72}.Release|iPhone.Deploy.0 = Release|iPhone
		{6EE3DF8D-87BC-4D70-ACD7-535C67BA7D72}.Release|iPhoneSimulator.ActiveCfg = Release|iPhoneSimulator
		{6EE3DF8D-87BC-4D70-ACD7-535C67BA7D72}.Release|iPhoneSimulator.Build.0 = Release|iPhoneSimulator
		{6EE3DF8D-87BC-4D70-ACD7-535C67BA7D72}.Release|iPhoneSimulator.Deploy.0 = Release|iPhoneSimulator
		{CA2E6CF2-7890-4DF5-A9C3-ACA286798815}.Debug|Any CPU.ActiveCfg = Debug|Any CPU
		{CA2E6CF2-7890-4DF5-A9C3-ACA286798815}.Debug|Any CPU.Build.0 = Debug|Any CPU
		{CA2E6CF2-7890-4DF5-A9C3-ACA286798815}.Debug|Any CPU.Deploy.0 = Debug|Any CPU
		{CA2E6CF2-7890-4DF5-A9C3-ACA286798815}.Debug|iPhone.ActiveCfg = Debug|Any CPU
		{CA2E6CF2-7890-4DF5-A9C3-ACA286798815}.Debug|iPhone.Build.0 = Debug|Any CPU
		{CA2E6CF2-7890-4DF5-A9C3-ACA286798815}.Debug|iPhone.Deploy.0 = Debug|Any CPU
		{CA2E6CF2-7890-4DF5-A9C3-ACA286798815}.Debug|iPhoneSimulator.ActiveCfg = Debug|Any CPU
		{CA2E6CF2-7890-4DF5-A9C3-ACA286798815}.Debug|iPhoneSimulator.Build.0 = Debug|Any CPU
		{CA2E6CF2-7890-4DF5-A9C3-ACA286798815}.Debug|iPhoneSimulator.Deploy.0 = Debug|Any CPU
		{CA2E6CF2-7890-4DF5-A9C3-ACA286798815}.Release|Any CPU.ActiveCfg = Release|Any CPU
		{CA2E6CF2-7890-4DF5-A9C3-ACA286798815}.Release|Any CPU.Build.0 = Release|Any CPU
		{CA2E6CF2-7890-4DF5-A9C3-ACA286798815}.Release|Any CPU.Deploy.0 = Release|Any CPU
		{CA2E6CF2-7890-4DF5-A9C3-ACA286798815}.Release|iPhone.ActiveCfg = Release|Any CPU
		{CA2E6CF2-7890-4DF5-A9C3-ACA286798815}.Release|iPhone.Build.0 = Release|Any CPU
		{CA2E6CF2-7890-4DF5-A9C3-ACA286798815}.Release|iPhone.Deploy.0 = Release|Any CPU
		{CA2E6CF2-7890-4DF5-A9C3-ACA286798815}.Release|iPhoneSimulator.ActiveCfg = Release|Any CPU
		{CA2E6CF2-7890-4DF5-A9C3-ACA286798815}.Release|iPhoneSimulator.Build.0 = Release|Any CPU
		{CA2E6CF2-7890-4DF5-A9C3-ACA286798815}.Release|iPhoneSimulator.Deploy.0 = Release|Any CPU
	EndGlobalSection
	GlobalSection(SolutionProperties) = preSolution
		HideSolutionNode = FALSE
	EndGlobalSection
	GlobalSection(ExtensibilityGlobals) = postSolution
		SolutionGuid = {C3C6ED73-4E42-49DE-BD93-78958A4EB9A1}
	EndGlobalSection
EndGlobal
