
Microsoft Visual Studio Solution File, Format Version 12.00
# Visual Studio Version 16
VisualStudioVersion = 16.0.29324.140
MinimumVisualStudioVersion = 10.0.40219.1
Project("{FAE04EC0-301F-11D3-BF4B-00C04F79EFBC}") = "FodyBase.UWP", "FodyBase\FodyBase.UWP\FodyBase.UWP.csproj", "{04A05E97-DCDD-4A04-98B2-2ADF5A38C3A7}"
EndProject
Project("{FAE04EC0-301F-11D3-BF4B-00C04F79EFBC}") = "FodyBase.Android", "FodyBase\FodyBase.Android\FodyBase.Android.csproj", "{BAFDB0C1-F0A1-4D54-8FEF-2590910F2E96}"
EndProject
Project("{FAE04EC0-301F-11D3-BF4B-00C04F79EFBC}") = "FodyBase.iOS", "FodyBase\FodyBase.iOS\FodyBase.iOS.csproj", "{C1950FC3-F1CC-4378-ABB8-45D849A5C50D}"
EndProject
Project("{FAE04EC0-301F-11D3-BF4B-00C04F79EFBC}") = "FodyBase", "FodyBase\FodyBase\FodyBase.csproj", "{43540065-CBE2-4903-9274-1D71DFAF5843}"
EndProject
Global
	GlobalSection(SolutionConfigurationPlatforms) = preSolution
		Debug|Any CPU = Debug|Any CPU
		Debug|ARM = Debug|ARM
		Debug|iPhone = Debug|iPhone
		Debug|iPhoneSimulator = Debug|iPhoneSimulator
		Debug|x64 = Debug|x64
		Debug|x86 = Debug|x86
		Release|Any CPU = Release|Any CPU
		Release|ARM = Release|ARM
		Release|iPhone = Release|iPhone
		Release|iPhoneSimulator = Release|iPhoneSimulator
		Release|x64 = Release|x64
		Release|x86 = Release|x86
	EndGlobalSection
	GlobalSection(ProjectConfigurationPlatforms) = postSolution
		{04A05E97-DCDD-4A04-98B2-2ADF5A38C3A7}.Debug|Any CPU.ActiveCfg = Debug|x86
		{04A05E97-DCDD-4A04-98B2-2ADF5A38C3A7}.Debug|Any CPU.Build.0 = Debug|x86
		{04A05E97-DCDD-4A04-98B2-2ADF5A38C3A7}.Debug|Any CPU.Deploy.0 = Debug|x86
		{04A05E97-DCDD-4A04-98B2-2ADF5A38C3A7}.Debug|ARM.ActiveCfg = Debug|ARM
		{04A05E97-DCDD-4A04-98B2-2ADF5A38C3A7}.Debug|ARM.Build.0 = Debug|ARM
		{04A05E97-DCDD-4A04-98B2-2ADF5A38C3A7}.Debug|ARM.Deploy.0 = Debug|ARM
		{04A05E97-DCDD-4A04-98B2-2ADF5A38C3A7}.Debug|iPhone.ActiveCfg = Debug|x86
		{04A05E97-DCDD-4A04-98B2-2ADF5A38C3A7}.Debug|iPhone.Build.0 = Debug|x86
		{04A05E97-DCDD-4A04-98B2-2ADF5A38C3A7}.Debug|iPhone.Deploy.0 = Debug|x86
		{04A05E97-DCDD-4A04-98B2-2ADF5A38C3A7}.Debug|iPhoneSimulator.ActiveCfg = Debug|x86
		{04A05E97-DCDD-4A04-98B2-2ADF5A38C3A7}.Debug|iPhoneSimulator.Build.0 = Debug|x86
		{04A05E97-DCDD-4A04-98B2-2ADF5A38C3A7}.Debug|iPhoneSimulator.Deploy.0 = Debug|x86
		{04A05E97-DCDD-4A04-98B2-2ADF5A38C3A7}.Debug|x64.ActiveCfg = Debug|x64
		{04A05E97-DCDD-4A04-98B2-2ADF5A38C3A7}.Debug|x64.Build.0 = Debug|x64
		{04A05E97-DCDD-4A04-98B2-2ADF5A38C3A7}.Debug|x64.Deploy.0 = Debug|x64
		{04A05E97-DCDD-4A04-98B2-2ADF5A38C3A7}.Debug|x86.ActiveCfg = Debug|x86
		{04A05E97-DCDD-4A04-98B2-2ADF5A38C3A7}.Debug|x86.Build.0 = Debug|x86
		{04A05E97-DCDD-4A04-98B2-2ADF5A38C3A7}.Debug|x86.Deploy.0 = Debug|x86
		{04A05E97-DCDD-4A04-98B2-2ADF5A38C3A7}.Release|Any CPU.ActiveCfg = Release|x86
		{04A05E97-DCDD-4A04-98B2-2ADF5A38C3A7}.Release|Any CPU.Build.0 = Release|x86
		{04A05E97-DCDD-4A04-98B2-2ADF5A38C3A7}.Release|Any CPU.Deploy.0 = Release|x86
		{04A05E97-DCDD-4A04-98B2-2ADF5A38C3A7}.Release|ARM.ActiveCfg = Release|ARM
		{04A05E97-DCDD-4A04-98B2-2ADF5A38C3A7}.Release|ARM.Build.0 = Release|ARM
		{04A05E97-DCDD-4A04-98B2-2ADF5A38C3A7}.Release|ARM.Deploy.0 = Release|ARM
		{04A05E97-DCDD-4A04-98B2-2ADF5A38C3A7}.Release|iPhone.ActiveCfg = Release|x86
		{04A05E97-DCDD-4A04-98B2-2ADF5A38C3A7}.Release|iPhone.Build.0 = Release|x86
		{04A05E97-DCDD-4A04-98B2-2ADF5A38C3A7}.Release|iPhone.Deploy.0 = Release|x86
		{04A05E97-DCDD-4A04-98B2-2ADF5A38C3A7}.Release|iPhoneSimulator.ActiveCfg = Release|x86
		{04A05E97-DCDD-4A04-98B2-2ADF5A38C3A7}.Release|iPhoneSimulator.Build.0 = Release|x86
		{04A05E97-DCDD-4A04-98B2-2ADF5A38C3A7}.Release|iPhoneSimulator.Deploy.0 = Release|x86
		{04A05E97-DCDD-4A04-98B2-2ADF5A38C3A7}.Release|x64.ActiveCfg = Release|x64
		{04A05E97-DCDD-4A04-98B2-2ADF5A38C3A7}.Release|x64.Build.0 = Release|x64
		{04A05E97-DCDD-4A04-98B2-2ADF5A38C3A7}.Release|x64.Deploy.0 = Release|x64
		{04A05E97-DCDD-4A04-98B2-2ADF5A38C3A7}.Release|x86.ActiveCfg = Release|x86
		{04A05E97-DCDD-4A04-98B2-2ADF5A38C3A7}.Release|x86.Build.0 = Release|x86
		{04A05E97-DCDD-4A04-98B2-2ADF5A38C3A7}.Release|x86.Deploy.0 = Release|x86
		{BAFDB0C1-F0A1-4D54-8FEF-2590910F2E96}.Debug|Any CPU.ActiveCfg = Debug|Any CPU
		{BAFDB0C1-F0A1-4D54-8FEF-2590910F2E96}.Debug|Any CPU.Build.0 = Debug|Any CPU
		{BAFDB0C1-F0A1-4D54-8FEF-2590910F2E96}.Debug|Any CPU.Deploy.0 = Debug|Any CPU
		{BAFDB0C1-F0A1-4D54-8FEF-2590910F2E96}.Debug|ARM.ActiveCfg = Debug|Any CPU
		{BAFDB0C1-F0A1-4D54-8FEF-2590910F2E96}.Debug|ARM.Build.0 = Debug|Any CPU
		{BAFDB0C1-F0A1-4D54-8FEF-2590910F2E96}.Debug|ARM.Deploy.0 = Debug|Any CPU
		{BAFDB0C1-F0A1-4D54-8FEF-2590910F2E96}.Debug|iPhone.ActiveCfg = Debug|Any CPU
		{BAFDB0C1-F0A1-4D54-8FEF-2590910F2E96}.Debug|iPhone.Build.0 = Debug|Any CPU
		{BAFDB0C1-F0A1-4D54-8FEF-2590910F2E96}.Debug|iPhone.Deploy.0 = Debug|Any CPU
		{BAFDB0C1-F0A1-4D54-8FEF-2590910F2E96}.Debug|iPhoneSimulator.ActiveCfg = Debug|Any CPU
		{BAFDB0C1-F0A1-4D54-8FEF-2590910F2E96}.Debug|iPhoneSimulator.Build.0 = Debug|Any CPU
		{BAFDB0C1-F0A1-4D54-8FEF-2590910F2E96}.Debug|iPhoneSimulator.Deploy.0 = Debug|Any CPU
		{BAFDB0C1-F0A1-4D54-8FEF-2590910F2E96}.Debug|x64.ActiveCfg = Debug|Any CPU
		{BAFDB0C1-F0A1-4D54-8FEF-2590910F2E96}.Debug|x64.Build.0 = Debug|Any CPU
		{BAFDB0C1-F0A1-4D54-8FEF-2590910F2E96}.Debug|x64.Deploy.0 = Debug|Any CPU
		{BAFDB0C1-F0A1-4D54-8FEF-2590910F2E96}.Debug|x86.ActiveCfg = Debug|Any CPU
		{BAFDB0C1-F0A1-4D54-8FEF-2590910F2E96}.Debug|x86.Build.0 = Debug|Any CPU
		{BAFDB0C1-F0A1-4D54-8FEF-2590910F2E96}.Debug|x86.Deploy.0 = Debug|Any CPU
		{BAFDB0C1-F0A1-4D54-8FEF-2590910F2E96}.Release|Any CPU.ActiveCfg = Release|Any CPU
		{BAFDB0C1-F0A1-4D54-8FEF-2590910F2E96}.Release|Any CPU.Build.0 = Release|Any CPU
		{BAFDB0C1-F0A1-4D54-8FEF-2590910F2E96}.Release|Any CPU.Deploy.0 = Release|Any CPU
		{BAFDB0C1-F0A1-4D54-8FEF-2590910F2E96}.Release|ARM.ActiveCfg = Release|Any CPU
		{BAFDB0C1-F0A1-4D54-8FEF-2590910F2E96}.Release|ARM.Build.0 = Release|Any CPU
		{BAFDB0C1-F0A1-4D54-8FEF-2590910F2E96}.Release|ARM.Deploy.0 = Release|Any CPU
		{BAFDB0C1-F0A1-4D54-8FEF-2590910F2E96}.Release|iPhone.ActiveCfg = Release|Any CPU
		{BAFDB0C1-F0A1-4D54-8FEF-2590910F2E96}.Release|iPhone.Build.0 = Release|Any CPU
		{BAFDB0C1-F0A1-4D54-8FEF-2590910F2E96}.Release|iPhone.Deploy.0 = Release|Any CPU
		{BAFDB0C1-F0A1-4D54-8FEF-2590910F2E96}.Release|iPhoneSimulator.ActiveCfg = Release|Any CPU
		{BAFDB0C1-F0A1-4D54-8FEF-2590910F2E96}.Release|iPhoneSimulator.Build.0 = Release|Any CPU
		{BAFDB0C1-F0A1-4D54-8FEF-2590910F2E96}.Release|iPhoneSimulator.Deploy.0 = Release|Any CPU
		{BAFDB0C1-F0A1-4D54-8FEF-2590910F2E96}.Release|x64.ActiveCfg = Release|Any CPU
		{BAFDB0C1-F0A1-4D54-8FEF-2590910F2E96}.Release|x64.Build.0 = Release|Any CPU
		{BAFDB0C1-F0A1-4D54-8FEF-2590910F2E96}.Release|x64.Deploy.0 = Release|Any CPU
		{BAFDB0C1-F0A1-4D54-8FEF-2590910F2E96}.Release|x86.ActiveCfg = Release|Any CPU
		{BAFDB0C1-F0A1-4D54-8FEF-2590910F2E96}.Release|x86.Build.0 = Release|Any CPU
		{BAFDB0C1-F0A1-4D54-8FEF-2590910F2E96}.Release|x86.Deploy.0 = Release|Any CPU
		{C1950FC3-F1CC-4378-ABB8-45D849A5C50D}.Debug|Any CPU.ActiveCfg = Debug|iPhone
		{C1950FC3-F1CC-4378-ABB8-45D849A5C50D}.Debug|Any CPU.Build.0 = Debug|iPhone
		{C1950FC3-F1CC-4378-ABB8-45D849A5C50D}.Debug|Any CPU.Deploy.0 = Debug|iPhone
		{C1950FC3-F1CC-4378-ABB8-45D849A5C50D}.Debug|ARM.ActiveCfg = Debug|iPhoneSimulator
		{C1950FC3-F1CC-4378-ABB8-45D849A5C50D}.Debug|ARM.Build.0 = Debug|iPhoneSimulator
		{C1950FC3-F1CC-4378-ABB8-45D849A5C50D}.Debug|ARM.Deploy.0 = Debug|iPhoneSimulator
		{C1950FC3-F1CC-4378-ABB8-45D849A5C50D}.Debug|iPhone.ActiveCfg = Debug|iPhone
		{C1950FC3-F1CC-4378-ABB8-45D849A5C50D}.Debug|iPhone.Build.0 = Debug|iPhone
		{C1950FC3-F1CC-4378-ABB8-45D849A5C50D}.Debug|iPhone.Deploy.0 = Debug|iPhone
		{C1950FC3-F1CC-4378-ABB8-45D849A5C50D}.Debug|iPhoneSimulator.ActiveCfg = Debug|iPhoneSimulator
		{C1950FC3-F1CC-4378-ABB8-45D849A5C50D}.Debug|iPhoneSimulator.Build.0 = Debug|iPhoneSimulator
		{C1950FC3-F1CC-4378-ABB8-45D849A5C50D}.Debug|iPhoneSimulator.Deploy.0 = Debug|iPhoneSimulator
		{C1950FC3-F1CC-4378-ABB8-45D849A5C50D}.Debug|x64.ActiveCfg = Debug|iPhone
		{C1950FC3-F1CC-4378-ABB8-45D849A5C50D}.Debug|x64.Build.0 = Debug|iPhone
		{C1950FC3-F1CC-4378-ABB8-45D849A5C50D}.Debug|x64.Deploy.0 = Debug|iPhone
		{C1950FC3-F1CC-4378-ABB8-45D849A5C50D}.Debug|x86.ActiveCfg = Debug|iPhone
		{C1950FC3-F1CC-4378-ABB8-45D849A5C50D}.Debug|x86.Build.0 = Debug|iPhone
		{C1950FC3-F1CC-4378-ABB8-45D849A5C50D}.Debug|x86.Deploy.0 = Debug|iPhone
		{C1950FC3-F1CC-4378-ABB8-45D849A5C50D}.Release|Any CPU.ActiveCfg = Release|iPhone
		{C1950FC3-F1CC-4378-ABB8-45D849A5C50D}.Release|Any CPU.Build.0 = Release|iPhone
		{C1950FC3-F1CC-4378-ABB8-45D849A5C50D}.Release|Any CPU.Deploy.0 = Release|iPhone
		{C1950FC3-F1CC-4378-ABB8-45D849A5C50D}.Release|ARM.ActiveCfg = Release|iPhone
		{C1950FC3-F1CC-4378-ABB8-45D849A5C50D}.Release|ARM.Build.0 = Release|iPhone
		{C1950FC3-F1CC-4378-ABB8-45D849A5C50D}.Release|ARM.Deploy.0 = Release|iPhone
		{C1950FC3-F1CC-4378-ABB8-45D849A5C50D}.Release|iPhone.ActiveCfg = Release|iPhone
		{C1950FC3-F1CC-4378-ABB8-45D849A5C50D}.Release|iPhone.Build.0 = Release|iPhone
		{C1950FC3-F1CC-4378-ABB8-45D849A5C50D}.Release|iPhone.Deploy.0 = Release|iPhone
		{C1950FC3-F1CC-4378-ABB8-45D849A5C50D}.Release|iPhoneSimulator.ActiveCfg = Release|iPhoneSimulator
		{C1950FC3-F1CC-4378-ABB8-45D849A5C50D}.Release|iPhoneSimulator.Build.0 = Release|iPhoneSimulator
		{C1950FC3-F1CC-4378-ABB8-45D849A5C50D}.Release|iPhoneSimulator.Deploy.0 = Release|iPhoneSimulator
		{C1950FC3-F1CC-4378-ABB8-45D849A5C50D}.Release|x64.ActiveCfg = Release|iPhone
		{C1950FC3-F1CC-4378-ABB8-45D849A5C50D}.Release|x64.Build.0 = Release|iPhone
		{C1950FC3-F1CC-4378-ABB8-45D849A5C50D}.Release|x64.Deploy.0 = Release|iPhone
		{C1950FC3-F1CC-4378-ABB8-45D849A5C50D}.Release|x86.ActiveCfg = Release|iPhone
		{C1950FC3-F1CC-4378-ABB8-45D849A5C50D}.Release|x86.Build.0 = Release|iPhone
		{C1950FC3-F1CC-4378-ABB8-45D849A5C50D}.Release|x86.Deploy.0 = Release|iPhone
		{43540065-CBE2-4903-9274-1D71DFAF5843}.Debug|Any CPU.ActiveCfg = Debug|Any CPU
		{43540065-CBE2-4903-9274-1D71DFAF5843}.Debug|Any CPU.Build.0 = Debug|Any CPU
		{43540065-CBE2-4903-9274-1D71DFAF5843}.Debug|Any CPU.Deploy.0 = Debug|Any CPU
		{43540065-CBE2-4903-9274-1D71DFAF5843}.Debug|ARM.ActiveCfg = Debug|Any CPU
		{43540065-CBE2-4903-9274-1D71DFAF5843}.Debug|ARM.Build.0 = Debug|Any CPU
		{43540065-CBE2-4903-9274-1D71DFAF5843}.Debug|ARM.Deploy.0 = Debug|Any CPU
		{43540065-CBE2-4903-9274-1D71DFAF5843}.Debug|iPhone.ActiveCfg = Debug|Any CPU
		{43540065-CBE2-4903-9274-1D71DFAF5843}.Debug|iPhone.Build.0 = Debug|Any CPU
		{43540065-CBE2-4903-9274-1D71DFAF5843}.Debug|iPhone.Deploy.0 = Debug|Any CPU
		{43540065-CBE2-4903-9274-1D71DFAF5843}.Debug|iPhoneSimulator.ActiveCfg = Debug|Any CPU
		{43540065-CBE2-4903-9274-1D71DFAF5843}.Debug|iPhoneSimulator.Build.0 = Debug|Any CPU
		{43540065-CBE2-4903-9274-1D71DFAF5843}.Debug|iPhoneSimulator.Deploy.0 = Debug|Any CPU
		{43540065-CBE2-4903-9274-1D71DFAF5843}.Debug|x64.ActiveCfg = Debug|Any CPU
		{43540065-CBE2-4903-9274-1D71DFAF5843}.Debug|x64.Build.0 = Debug|Any CPU
		{43540065-CBE2-4903-9274-1D71DFAF5843}.Debug|x64.Deploy.0 = Debug|Any CPU
		{43540065-CBE2-4903-9274-1D71DFAF5843}.Debug|x86.ActiveCfg = Debug|Any CPU
		{43540065-CBE2-4903-9274-1D71DFAF5843}.Debug|x86.Build.0 = Debug|Any CPU
		{43540065-CBE2-4903-9274-1D71DFAF5843}.Debug|x86.Deploy.0 = Debug|Any CPU
		{43540065-CBE2-4903-9274-1D71DFAF5843}.Release|Any CPU.ActiveCfg = Release|Any CPU
		{43540065-CBE2-4903-9274-1D71DFAF5843}.Release|Any CPU.Build.0 = Release|Any CPU
		{43540065-CBE2-4903-9274-1D71DFAF5843}.Release|Any CPU.Deploy.0 = Release|Any CPU
		{43540065-CBE2-4903-9274-1D71DFAF5843}.Release|ARM.ActiveCfg = Release|Any CPU
		{43540065-CBE2-4903-9274-1D71DFAF5843}.Release|ARM.Build.0 = Release|Any CPU
		{43540065-CBE2-4903-9274-1D71DFAF5843}.Release|ARM.Deploy.0 = Release|Any CPU
		{43540065-CBE2-4903-9274-1D71DFAF5843}.Release|iPhone.ActiveCfg = Release|Any CPU
		{43540065-CBE2-4903-9274-1D71DFAF5843}.Release|iPhone.Build.0 = Release|Any CPU
		{43540065-CBE2-4903-9274-1D71DFAF5843}.Release|iPhone.Deploy.0 = Release|Any CPU
		{43540065-CBE2-4903-9274-1D71DFAF5843}.Release|iPhoneSimulator.ActiveCfg = Release|Any CPU
		{43540065-CBE2-4903-9274-1D71DFAF5843}.Release|iPhoneSimulator.Build.0 = Release|Any CPU
		{43540065-CBE2-4903-9274-1D71DFAF5843}.Release|iPhoneSimulator.Deploy.0 = Release|Any CPU
		{43540065-CBE2-4903-9274-1D71DFAF5843}.Release|x64.ActiveCfg = Release|Any CPU
		{43540065-CBE2-4903-9274-1D71DFAF5843}.Release|x64.Build.0 = Release|Any CPU
		{43540065-CBE2-4903-9274-1D71DFAF5843}.Release|x64.Deploy.0 = Release|Any CPU
		{43540065-CBE2-4903-9274-1D71DFAF5843}.Release|x86.ActiveCfg = Release|Any CPU
		{43540065-CBE2-4903-9274-1D71DFAF5843}.Release|x86.Build.0 = Release|Any CPU
		{43540065-CBE2-4903-9274-1D71DFAF5843}.Release|x86.Deploy.0 = Release|Any CPU
	EndGlobalSection
	GlobalSection(SolutionProperties) = preSolution
		HideSolutionNode = FALSE
	EndGlobalSection
	GlobalSection(ExtensibilityGlobals) = postSolution
		SolutionGuid = {C056D49B-973B-43F5-99D9-722A7277D6F8}
	EndGlobalSection
EndGlobal
