
Microsoft Visual Studio Solution File, Format Version 12.00
# Visual Studio Version 16
VisualStudioVersion = 16.0.29409.12
MinimumVisualStudioVersion = 10.0.40219.1
Project("{FAE04EC0-301F-11D3-BF4B-00C04F79EFBC}") = "StatusBars.Android", "StatusBars\StatusBars.Android\StatusBars.Android.csproj", "{696A4C34-2E95-4C6B-B22D-FAC2D6427299}"
EndProject
Project("{FAE04EC0-301F-11D3-BF4B-00C04F79EFBC}") = "StatusBars.iOS", "StatusBars\StatusBars.iOS\StatusBars.iOS.csproj", "{C999CF4B-E38B-453A-A3D3-8612D2447F5C}"
EndProject
Project("{FAE04EC0-301F-11D3-BF4B-00C04F79EFBC}") = "StatusBars", "StatusBars\StatusBars\StatusBars.csproj", "{D84AFFF1-B250-4372-B483-65BD942AA1DF}"
EndProject
Global
	GlobalSection(SolutionConfigurationPlatforms) = preSolution
		Debug|Any CPU = Debug|Any CPU
		Debug|iPhone = Debug|iPhone
		Debug|iPhoneSimulator = Debug|iPhoneSimulator
		Release|Any CPU = Release|Any CPU
		Release|iPhone = Release|iPhone
		Release|iPhoneSimulator = Release|iPhoneSimulator
	EndGlobalSection
	GlobalSection(ProjectConfigurationPlatforms) = postSolution
		{696A4C34-2E95-4C6B-B22D-FAC2D6427299}.Debug|Any CPU.ActiveCfg = Debug|Any CPU
		{696A4C34-2E95-4C6B-B22D-FAC2D6427299}.Debug|Any CPU.Build.0 = Debug|Any CPU
		{696A4C34-2E95-4C6B-B22D-FAC2D6427299}.Debug|Any CPU.Deploy.0 = Debug|Any CPU
		{696A4C34-2E95-4C6B-B22D-FAC2D6427299}.Debug|iPhone.ActiveCfg = Debug|Any CPU
		{696A4C34-2E95-4C6B-B22D-FAC2D6427299}.Debug|iPhone.Build.0 = Debug|Any CPU
		{696A4C34-2E95-4C6B-B22D-FAC2D6427299}.Debug|iPhone.Deploy.0 = Debug|Any CPU
		{696A4C34-2E95-4C6B-B22D-FAC2D6427299}.Debug|iPhoneSimulator.ActiveCfg = Debug|Any CPU
		{696A4C34-2E95-4C6B-B22D-FAC2D6427299}.Debug|iPhoneSimulator.Build.0 = Debug|Any CPU
		{696A4C34-2E95-4C6B-B22D-FAC2D6427299}.Debug|iPhoneSimulator.Deploy.0 = Debug|Any CPU
		{696A4C34-2E95-4C6B-B22D-FAC2D6427299}.Release|Any CPU.ActiveCfg = Release|Any CPU
		{696A4C34-2E95-4C6B-B22D-FAC2D6427299}.Release|Any CPU.Build.0 = Release|Any CPU
		{696A4C34-2E95-4C6B-B22D-FAC2D6427299}.Release|Any CPU.Deploy.0 = Release|Any CPU
		{696A4C34-2E95-4C6B-B22D-FAC2D6427299}.Release|iPhone.ActiveCfg = Release|Any CPU
		{696A4C34-2E95-4C6B-B22D-FAC2D6427299}.Release|iPhone.Build.0 = Release|Any CPU
		{696A4C34-2E95-4C6B-B22D-FAC2D6427299}.Release|iPhone.Deploy.0 = Release|Any CPU
		{696A4C34-2E95-4C6B-B22D-FAC2D6427299}.Release|iPhoneSimulator.ActiveCfg = Release|Any CPU
		{696A4C34-2E95-4C6B-B22D-FAC2D6427299}.Release|iPhoneSimulator.Build.0 = Release|Any CPU
		{696A4C34-2E95-4C6B-B22D-FAC2D6427299}.Release|iPhoneSimulator.Deploy.0 = Release|Any CPU
		{C999CF4B-E38B-453A-A3D3-8612D2447F5C}.Debug|Any CPU.ActiveCfg = Debug|iPhoneSimulator
		{C999CF4B-E38B-453A-A3D3-8612D2447F5C}.Debug|Any CPU.Build.0 = Debug|iPhoneSimulator
		{C999CF4B-E38B-453A-A3D3-8612D2447F5C}.Debug|Any CPU.Deploy.0 = Debug|iPhoneSimulator
		{C999CF4B-E38B-453A-A3D3-8612D2447F5C}.Debug|iPhone.ActiveCfg = Debug|iPhone
		{C999CF4B-E38B-453A-A3D3-8612D2447F5C}.Debug|iPhone.Build.0 = Debug|iPhone
		{C999CF4B-E38B-453A-A3D3-8612D2447F5C}.Debug|iPhone.Deploy.0 = Debug|iPhone
		{C999CF4B-E38B-453A-A3D3-8612D2447F5C}.Debug|iPhoneSimulator.ActiveCfg = Debug|iPhoneSimulator
		{C999CF4B-E38B-453A-A3D3-8612D2447F5C}.Debug|iPhoneSimulator.Build.0 = Debug|iPhoneSimulator
		{C999CF4B-E38B-453A-A3D3-8612D2447F5C}.Debug|iPhoneSimulator.Deploy.0 = Debug|iPhoneSimulator
		{C999CF4B-E38B-453A-A3D3-8612D2447F5C}.Release|Any CPU.ActiveCfg = Release|iPhone
		{C999CF4B-E38B-453A-A3D3-8612D2447F5C}.Release|Any CPU.Build.0 = Release|iPhone
		{C999CF4B-E38B-453A-A3D3-8612D2447F5C}.Release|Any CPU.Deploy.0 = Release|iPhone
		{C999CF4B-E38B-453A-A3D3-8612D2447F5C}.Release|iPhone.ActiveCfg = Release|iPhone
		{C999CF4B-E38B-453A-A3D3-8612D2447F5C}.Release|iPhone.Build.0 = Release|iPhone
		{C999CF4B-E38B-453A-A3D3-8612D2447F5C}.Release|iPhone.Deploy.0 = Release|iPhone
		{C999CF4B-E38B-453A-A3D3-8612D2447F5C}.Release|iPhoneSimulator.ActiveCfg = Release|iPhoneSimulator
		{C999CF4B-E38B-453A-A3D3-8612D2447F5C}.Release|iPhoneSimulator.Build.0 = Release|iPhoneSimulator
		{C999CF4B-E38B-453A-A3D3-8612D2447F5C}.Release|iPhoneSimulator.Deploy.0 = Release|iPhoneSimulator
		{D84AFFF1-B250-4372-B483-65BD942AA1DF}.Debug|Any CPU.ActiveCfg = Debug|Any CPU
		{D84AFFF1-B250-4372-B483-65BD942AA1DF}.Debug|Any CPU.Build.0 = Debug|Any CPU
		{D84AFFF1-B250-4372-B483-65BD942AA1DF}.Debug|Any CPU.Deploy.0 = Debug|Any CPU
		{D84AFFF1-B250-4372-B483-65BD942AA1DF}.Debug|iPhone.ActiveCfg = Debug|Any CPU
		{D84AFFF1-B250-4372-B483-65BD942AA1DF}.Debug|iPhone.Build.0 = Debug|Any CPU
		{D84AFFF1-B250-4372-B483-65BD942AA1DF}.Debug|iPhone.Deploy.0 = Debug|Any CPU
		{D84AFFF1-B250-4372-B483-65BD942AA1DF}.Debug|iPhoneSimulator.ActiveCfg = Debug|Any CPU
		{D84AFFF1-B250-4372-B483-65BD942AA1DF}.Debug|iPhoneSimulator.Build.0 = Debug|Any CPU
		{D84AFFF1-B250-4372-B483-65BD942AA1DF}.Debug|iPhoneSimulator.Deploy.0 = Debug|Any CPU
		{D84AFFF1-B250-4372-B483-65BD942AA1DF}.Release|Any CPU.ActiveCfg = Release|Any CPU
		{D84AFFF1-B250-4372-B483-65BD942AA1DF}.Release|Any CPU.Build.0 = Release|Any CPU
		{D84AFFF1-B250-4372-B483-65BD942AA1DF}.Release|Any CPU.Deploy.0 = Release|Any CPU
		{D84AFFF1-B250-4372-B483-65BD942AA1DF}.Release|iPhone.ActiveCfg = Release|Any CPU
		{D84AFFF1-B250-4372-B483-65BD942AA1DF}.Release|iPhone.Build.0 = Release|Any CPU
		{D84AFFF1-B250-4372-B483-65BD942AA1DF}.Release|iPhone.Deploy.0 = Release|Any CPU
		{D84AFFF1-B250-4372-B483-65BD942AA1DF}.Release|iPhoneSimulator.ActiveCfg = Release|Any CPU
		{D84AFFF1-B250-4372-B483-65BD942AA1DF}.Release|iPhoneSimulator.Build.0 = Release|Any CPU
		{D84AFFF1-B250-4372-B483-65BD942AA1DF}.Release|iPhoneSimulator.Deploy.0 = Release|Any CPU
	EndGlobalSection
	GlobalSection(SolutionProperties) = preSolution
		HideSolutionNode = FALSE
	EndGlobalSection
	GlobalSection(ExtensibilityGlobals) = postSolution
		SolutionGuid = {5D3BE8B8-76B9-4B7A-8CE0-39A771CF54DD}
	EndGlobalSection
EndGlobal
