
Microsoft Visual Studio Solution File, Format Version 12.00
# Visual Studio Version 16
VisualStudioVersion = 16.0.29324.140
MinimumVisualStudioVersion = 10.0.40219.1
Project("{FAE04EC0-301F-11D3-BF4B-00C04F79EFBC}") = "Event2Command.UWP", "Event2Command\Event2Command.UWP\Event2Command.UWP.csproj", "{43526C5A-695B-409A-960E-48FFF4A86D20}"
EndProject
Project("{FAE04EC0-301F-11D3-BF4B-00C04F79EFBC}") = "Event2Command.Android", "Event2Command\Event2Command.Android\Event2Command.Android.csproj", "{9F9F8CA3-CD62-40D7-8D96-8075E95F5FD5}"
EndProject
Project("{FAE04EC0-301F-11D3-BF4B-00C04F79EFBC}") = "Event2Command.iOS", "Event2Command\Event2Command.iOS\Event2Command.iOS.csproj", "{EF78535F-5BD3-4674-86D8-2624C4F65F31}"
EndProject
Project("{FAE04EC0-301F-11D3-BF4B-00C04F79EFBC}") = "Event2Command", "Event2Command\Event2Command\Event2Command.csproj", "{2A5554EE-6F24-4407-AC49-A0B4AA93A527}"
EndProject
Global
	GlobalSection(SolutionConfigurationPlatforms) = preSolution
		Debug|Any CPU = Debug|Any CPU
		Debug|ARM = Debug|ARM
		Debug|iPhone = Debug|iPhone
		Debug|iPhoneSimulator = Debug|iPhoneSimulator
		Debug|x64 = Debug|x64
		Debug|x86 = Debug|x86
		Release|Any CPU = Release|Any CPU
		Release|ARM = Release|ARM
		Release|iPhone = Release|iPhone
		Release|iPhoneSimulator = Release|iPhoneSimulator
		Release|x64 = Release|x64
		Release|x86 = Release|x86
	EndGlobalSection
	GlobalSection(ProjectConfigurationPlatforms) = postSolution
		{43526C5A-695B-409A-960E-48FFF4A86D20}.Debug|Any CPU.ActiveCfg = Debug|x86
		{43526C5A-695B-409A-960E-48FFF4A86D20}.Debug|Any CPU.Build.0 = Debug|x86
		{43526C5A-695B-409A-960E-48FFF4A86D20}.Debug|Any CPU.Deploy.0 = Debug|x86
		{43526C5A-695B-409A-960E-48FFF4A86D20}.Debug|ARM.ActiveCfg = Debug|ARM
		{43526C5A-695B-409A-960E-48FFF4A86D20}.Debug|ARM.Build.0 = Debug|ARM
		{43526C5A-695B-409A-960E-48FFF4A86D20}.Debug|ARM.Deploy.0 = Debug|ARM
		{43526C5A-695B-409A-960E-48FFF4A86D20}.Debug|iPhone.ActiveCfg = Debug|x86
		{43526C5A-695B-409A-960E-48FFF4A86D20}.Debug|iPhone.Build.0 = Debug|x86
		{43526C5A-695B-409A-960E-48FFF4A86D20}.Debug|iPhone.Deploy.0 = Debug|x86
		{43526C5A-695B-409A-960E-48FFF4A86D20}.Debug|iPhoneSimulator.ActiveCfg = Debug|x86
		{43526C5A-695B-409A-960E-48FFF4A86D20}.Debug|iPhoneSimulator.Build.0 = Debug|x86
		{43526C5A-695B-409A-960E-48FFF4A86D20}.Debug|iPhoneSimulator.Deploy.0 = Debug|x86
		{43526C5A-695B-409A-960E-48FFF4A86D20}.Debug|x64.ActiveCfg = Debug|x64
		{43526C5A-695B-409A-960E-48FFF4A86D20}.Debug|x64.Build.0 = Debug|x64
		{43526C5A-695B-409A-960E-48FFF4A86D20}.Debug|x64.Deploy.0 = Debug|x64
		{43526C5A-695B-409A-960E-48FFF4A86D20}.Debug|x86.ActiveCfg = Debug|x86
		{43526C5A-695B-409A-960E-48FFF4A86D20}.Debug|x86.Build.0 = Debug|x86
		{43526C5A-695B-409A-960E-48FFF4A86D20}.Debug|x86.Deploy.0 = Debug|x86
		{43526C5A-695B-409A-960E-48FFF4A86D20}.Release|Any CPU.ActiveCfg = Release|x86
		{43526C5A-695B-409A-960E-48FFF4A86D20}.Release|Any CPU.Build.0 = Release|x86
		{43526C5A-695B-409A-960E-48FFF4A86D20}.Release|Any CPU.Deploy.0 = Release|x86
		{43526C5A-695B-409A-960E-48FFF4A86D20}.Release|ARM.ActiveCfg = Release|ARM
		{43526C5A-695B-409A-960E-48FFF4A86D20}.Release|ARM.Build.0 = Release|ARM
		{43526C5A-695B-409A-960E-48FFF4A86D20}.Release|ARM.Deploy.0 = Release|ARM
		{43526C5A-695B-409A-960E-48FFF4A86D20}.Release|iPhone.ActiveCfg = Release|x86
		{43526C5A-695B-409A-960E-48FFF4A86D20}.Release|iPhone.Build.0 = Release|x86
		{43526C5A-695B-409A-960E-48FFF4A86D20}.Release|iPhone.Deploy.0 = Release|x86
		{43526C5A-695B-409A-960E-48FFF4A86D20}.Release|iPhoneSimulator.ActiveCfg = Release|x86
		{43526C5A-695B-409A-960E-48FFF4A86D20}.Release|iPhoneSimulator.Build.0 = Release|x86
		{43526C5A-695B-409A-960E-48FFF4A86D20}.Release|iPhoneSimulator.Deploy.0 = Release|x86
		{43526C5A-695B-409A-960E-48FFF4A86D20}.Release|x64.ActiveCfg = Release|x64
		{43526C5A-695B-409A-960E-48FFF4A86D20}.Release|x64.Build.0 = Release|x64
		{43526C5A-695B-409A-960E-48FFF4A86D20}.Release|x64.Deploy.0 = Release|x64
		{43526C5A-695B-409A-960E-48FFF4A86D20}.Release|x86.ActiveCfg = Release|x86
		{43526C5A-695B-409A-960E-48FFF4A86D20}.Release|x86.Build.0 = Release|x86
		{43526C5A-695B-409A-960E-48FFF4A86D20}.Release|x86.Deploy.0 = Release|x86
		{9F9F8CA3-CD62-40D7-8D96-8075E95F5FD5}.Debug|Any CPU.ActiveCfg = Debug|Any CPU
		{9F9F8CA3-CD62-40D7-8D96-8075E95F5FD5}.Debug|Any CPU.Build.0 = Debug|Any CPU
		{9F9F8CA3-CD62-40D7-8D96-8075E95F5FD5}.Debug|Any CPU.Deploy.0 = Debug|Any CPU
		{9F9F8CA3-CD62-40D7-8D96-8075E95F5FD5}.Debug|ARM.ActiveCfg = Debug|Any CPU
		{9F9F8CA3-CD62-40D7-8D96-8075E95F5FD5}.Debug|ARM.Build.0 = Debug|Any CPU
		{9F9F8CA3-CD62-40D7-8D96-8075E95F5FD5}.Debug|ARM.Deploy.0 = Debug|Any CPU
		{9F9F8CA3-CD62-40D7-8D96-8075E95F5FD5}.Debug|iPhone.ActiveCfg = Debug|Any CPU
		{9F9F8CA3-CD62-40D7-8D96-8075E95F5FD5}.Debug|iPhone.Build.0 = Debug|Any CPU
		{9F9F8CA3-CD62-40D7-8D96-8075E95F5FD5}.Debug|iPhone.Deploy.0 = Debug|Any CPU
		{9F9F8CA3-CD62-40D7-8D96-8075E95F5FD5}.Debug|iPhoneSimulator.ActiveCfg = Debug|Any CPU
		{9F9F8CA3-CD62-40D7-8D96-8075E95F5FD5}.Debug|iPhoneSimulator.Build.0 = Debug|Any CPU
		{9F9F8CA3-CD62-40D7-8D96-8075E95F5FD5}.Debug|iPhoneSimulator.Deploy.0 = Debug|Any CPU
		{9F9F8CA3-CD62-40D7-8D96-8075E95F5FD5}.Debug|x64.ActiveCfg = Debug|Any CPU
		{9F9F8CA3-CD62-40D7-8D96-8075E95F5FD5}.Debug|x64.Build.0 = Debug|Any CPU
		{9F9F8CA3-CD62-40D7-8D96-8075E95F5FD5}.Debug|x64.Deploy.0 = Debug|Any CPU
		{9F9F8CA3-CD62-40D7-8D96-8075E95F5FD5}.Debug|x86.ActiveCfg = Debug|Any CPU
		{9F9F8CA3-CD62-40D7-8D96-8075E95F5FD5}.Debug|x86.Build.0 = Debug|Any CPU
		{9F9F8CA3-CD62-40D7-8D96-8075E95F5FD5}.Debug|x86.Deploy.0 = Debug|Any CPU
		{9F9F8CA3-CD62-40D7-8D96-8075E95F5FD5}.Release|Any CPU.ActiveCfg = Release|Any CPU
		{9F9F8CA3-CD62-40D7-8D96-8075E95F5FD5}.Release|Any CPU.Build.0 = Release|Any CPU
		{9F9F8CA3-CD62-40D7-8D96-8075E95F5FD5}.Release|Any CPU.Deploy.0 = Release|Any CPU
		{9F9F8CA3-CD62-40D7-8D96-8075E95F5FD5}.Release|ARM.ActiveCfg = Release|Any CPU
		{9F9F8CA3-CD62-40D7-8D96-8075E95F5FD5}.Release|ARM.Build.0 = Release|Any CPU
		{9F9F8CA3-CD62-40D7-8D96-8075E95F5FD5}.Release|ARM.Deploy.0 = Release|Any CPU
		{9F9F8CA3-CD62-40D7-8D96-8075E95F5FD5}.Release|iPhone.ActiveCfg = Release|Any CPU
		{9F9F8CA3-CD62-40D7-8D96-8075E95F5FD5}.Release|iPhone.Build.0 = Release|Any CPU
		{9F9F8CA3-CD62-40D7-8D96-8075E95F5FD5}.Release|iPhone.Deploy.0 = Release|Any CPU
		{9F9F8CA3-CD62-40D7-8D96-8075E95F5FD5}.Release|iPhoneSimulator.ActiveCfg = Release|Any CPU
		{9F9F8CA3-CD62-40D7-8D96-8075E95F5FD5}.Release|iPhoneSimulator.Build.0 = Release|Any CPU
		{9F9F8CA3-CD62-40D7-8D96-8075E95F5FD5}.Release|iPhoneSimulator.Deploy.0 = Release|Any CPU
		{9F9F8CA3-CD62-40D7-8D96-8075E95F5FD5}.Release|x64.ActiveCfg = Release|Any CPU
		{9F9F8CA3-CD62-40D7-8D96-8075E95F5FD5}.Release|x64.Build.0 = Release|Any CPU
		{9F9F8CA3-CD62-40D7-8D96-8075E95F5FD5}.Release|x64.Deploy.0 = Release|Any CPU
		{9F9F8CA3-CD62-40D7-8D96-8075E95F5FD5}.Release|x86.ActiveCfg = Release|Any CPU
		{9F9F8CA3-CD62-40D7-8D96-8075E95F5FD5}.Release|x86.Build.0 = Release|Any CPU
		{9F9F8CA3-CD62-40D7-8D96-8075E95F5FD5}.Release|x86.Deploy.0 = Release|Any CPU
		{EF78535F-5BD3-4674-86D8-2624C4F65F31}.Debug|Any CPU.ActiveCfg = Debug|iPhone
		{EF78535F-5BD3-4674-86D8-2624C4F65F31}.Debug|Any CPU.Build.0 = Debug|iPhone
		{EF78535F-5BD3-4674-86D8-2624C4F65F31}.Debug|Any CPU.Deploy.0 = Debug|iPhone
		{EF78535F-5BD3-4674-86D8-2624C4F65F31}.Debug|ARM.ActiveCfg = Debug|iPhoneSimulator
		{EF78535F-5BD3-4674-86D8-2624C4F65F31}.Debug|ARM.Build.0 = Debug|iPhoneSimulator
		{EF78535F-5BD3-4674-86D8-2624C4F65F31}.Debug|ARM.Deploy.0 = Debug|iPhoneSimulator
		{EF78535F-5BD3-4674-86D8-2624C4F65F31}.Debug|iPhone.ActiveCfg = Debug|iPhone
		{EF78535F-5BD3-4674-86D8-2624C4F65F31}.Debug|iPhone.Build.0 = Debug|iPhone
		{EF78535F-5BD3-4674-86D8-2624C4F65F31}.Debug|iPhone.Deploy.0 = Debug|iPhone
		{EF78535F-5BD3-4674-86D8-2624C4F65F31}.Debug|iPhoneSimulator.ActiveCfg = Debug|iPhoneSimulator
		{EF78535F-5BD3-4674-86D8-2624C4F65F31}.Debug|iPhoneSimulator.Build.0 = Debug|iPhoneSimulator
		{EF78535F-5BD3-4674-86D8-2624C4F65F31}.Debug|iPhoneSimulator.Deploy.0 = Debug|iPhoneSimulator
		{EF78535F-5BD3-4674-86D8-2624C4F65F31}.Debug|x64.ActiveCfg = Debug|iPhone
		{EF78535F-5BD3-4674-86D8-2624C4F65F31}.Debug|x64.Build.0 = Debug|iPhone
		{EF78535F-5BD3-4674-86D8-2624C4F65F31}.Debug|x64.Deploy.0 = Debug|iPhone
		{EF78535F-5BD3-4674-86D8-2624C4F65F31}.Debug|x86.ActiveCfg = Debug|iPhone
		{EF78535F-5BD3-4674-86D8-2624C4F65F31}.Debug|x86.Build.0 = Debug|iPhone
		{EF78535F-5BD3-4674-86D8-2624C4F65F31}.Debug|x86.Deploy.0 = Debug|iPhone
		{EF78535F-5BD3-4674-86D8-2624C4F65F31}.Release|Any CPU.ActiveCfg = Release|iPhone
		{EF78535F-5BD3-4674-86D8-2624C4F65F31}.Release|Any CPU.Build.0 = Release|iPhone
		{EF78535F-5BD3-4674-86D8-2624C4F65F31}.Release|Any CPU.Deploy.0 = Release|iPhone
		{EF78535F-5BD3-4674-86D8-2624C4F65F31}.Release|ARM.ActiveCfg = Release|iPhone
		{EF78535F-5BD3-4674-86D8-2624C4F65F31}.Release|ARM.Build.0 = Release|iPhone
		{EF78535F-5BD3-4674-86D8-2624C4F65F31}.Release|ARM.Deploy.0 = Release|iPhone
		{EF78535F-5BD3-4674-86D8-2624C4F65F31}.Release|iPhone.ActiveCfg = Release|iPhone
		{EF78535F-5BD3-4674-86D8-2624C4F65F31}.Release|iPhone.Build.0 = Release|iPhone
		{EF78535F-5BD3-4674-86D8-2624C4F65F31}.Release|iPhone.Deploy.0 = Release|iPhone
		{EF78535F-5BD3-4674-86D8-2624C4F65F31}.Release|iPhoneSimulator.ActiveCfg = Release|iPhoneSimulator
		{EF78535F-5BD3-4674-86D8-2624C4F65F31}.Release|iPhoneSimulator.Build.0 = Release|iPhoneSimulator
		{EF78535F-5BD3-4674-86D8-2624C4F65F31}.Release|iPhoneSimulator.Deploy.0 = Release|iPhoneSimulator
		{EF78535F-5BD3-4674-86D8-2624C4F65F31}.Release|x64.ActiveCfg = Release|iPhone
		{EF78535F-5BD3-4674-86D8-2624C4F65F31}.Release|x64.Build.0 = Release|iPhone
		{EF78535F-5BD3-4674-86D8-2624C4F65F31}.Release|x64.Deploy.0 = Release|iPhone
		{EF78535F-5BD3-4674-86D8-2624C4F65F31}.Release|x86.ActiveCfg = Release|iPhone
		{EF78535F-5BD3-4674-86D8-2624C4F65F31}.Release|x86.Build.0 = Release|iPhone
		{EF78535F-5BD3-4674-86D8-2624C4F65F31}.Release|x86.Deploy.0 = Release|iPhone
		{2A5554EE-6F24-4407-AC49-A0B4AA93A527}.Debug|Any CPU.ActiveCfg = Debug|Any CPU
		{2A5554EE-6F24-4407-AC49-A0B4AA93A527}.Debug|Any CPU.Build.0 = Debug|Any CPU
		{2A5554EE-6F24-4407-AC49-A0B4AA93A527}.Debug|Any CPU.Deploy.0 = Debug|Any CPU
		{2A5554EE-6F24-4407-AC49-A0B4AA93A527}.Debug|ARM.ActiveCfg = Debug|Any CPU
		{2A5554EE-6F24-4407-AC49-A0B4AA93A527}.Debug|ARM.Build.0 = Debug|Any CPU
		{2A5554EE-6F24-4407-AC49-A0B4AA93A527}.Debug|ARM.Deploy.0 = Debug|Any CPU
		{2A5554EE-6F24-4407-AC49-A0B4AA93A527}.Debug|iPhone.ActiveCfg = Debug|Any CPU
		{2A5554EE-6F24-4407-AC49-A0B4AA93A527}.Debug|iPhone.Build.0 = Debug|Any CPU
		{2A5554EE-6F24-4407-AC49-A0B4AA93A527}.Debug|iPhone.Deploy.0 = Debug|Any CPU
		{2A5554EE-6F24-4407-AC49-A0B4AA93A527}.Debug|iPhoneSimulator.ActiveCfg = Debug|Any CPU
		{2A5554EE-6F24-4407-AC49-A0B4AA93A527}.Debug|iPhoneSimulator.Build.0 = Debug|Any CPU
		{2A5554EE-6F24-4407-AC49-A0B4AA93A527}.Debug|iPhoneSimulator.Deploy.0 = Debug|Any CPU
		{2A5554EE-6F24-4407-AC49-A0B4AA93A527}.Debug|x64.ActiveCfg = Debug|Any CPU
		{2A5554EE-6F24-4407-AC49-A0B4AA93A527}.Debug|x64.Build.0 = Debug|Any CPU
		{2A5554EE-6F24-4407-AC49-A0B4AA93A527}.Debug|x64.Deploy.0 = Debug|Any CPU
		{2A5554EE-6F24-4407-AC49-A0B4AA93A527}.Debug|x86.ActiveCfg = Debug|Any CPU
		{2A5554EE-6F24-4407-AC49-A0B4AA93A527}.Debug|x86.Build.0 = Debug|Any CPU
		{2A5554EE-6F24-4407-AC49-A0B4AA93A527}.Debug|x86.Deploy.0 = Debug|Any CPU
		{2A5554EE-6F24-4407-AC49-A0B4AA93A527}.Release|Any CPU.ActiveCfg = Release|Any CPU
		{2A5554EE-6F24-4407-AC49-A0B4AA93A527}.Release|Any CPU.Build.0 = Release|Any CPU
		{2A5554EE-6F24-4407-AC49-A0B4AA93A527}.Release|Any CPU.Deploy.0 = Release|Any CPU
		{2A5554EE-6F24-4407-AC49-A0B4AA93A527}.Release|ARM.ActiveCfg = Release|Any CPU
		{2A5554EE-6F24-4407-AC49-A0B4AA93A527}.Release|ARM.Build.0 = Release|Any CPU
		{2A5554EE-6F24-4407-AC49-A0B4AA93A527}.Release|ARM.Deploy.0 = Release|Any CPU
		{2A5554EE-6F24-4407-AC49-A0B4AA93A527}.Release|iPhone.ActiveCfg = Release|Any CPU
		{2A5554EE-6F24-4407-AC49-A0B4AA93A527}.Release|iPhone.Build.0 = Release|Any CPU
		{2A5554EE-6F24-4407-AC49-A0B4AA93A527}.Release|iPhone.Deploy.0 = Release|Any CPU
		{2A5554EE-6F24-4407-AC49-A0B4AA93A527}.Release|iPhoneSimulator.ActiveCfg = Release|Any CPU
		{2A5554EE-6F24-4407-AC49-A0B4AA93A527}.Release|iPhoneSimulator.Build.0 = Release|Any CPU
		{2A5554EE-6F24-4407-AC49-A0B4AA93A527}.Release|iPhoneSimulator.Deploy.0 = Release|Any CPU
		{2A5554EE-6F24-4407-AC49-A0B4AA93A527}.Release|x64.ActiveCfg = Release|Any CPU
		{2A5554EE-6F24-4407-AC49-A0B4AA93A527}.Release|x64.Build.0 = Release|Any CPU
		{2A5554EE-6F24-4407-AC49-A0B4AA93A527}.Release|x64.Deploy.0 = Release|Any CPU
		{2A5554EE-6F24-4407-AC49-A0B4AA93A527}.Release|x86.ActiveCfg = Release|Any CPU
		{2A5554EE-6F24-4407-AC49-A0B4AA93A527}.Release|x86.Build.0 = Release|Any CPU
		{2A5554EE-6F24-4407-AC49-A0B4AA93A527}.Release|x86.Deploy.0 = Release|Any CPU
	EndGlobalSection
	GlobalSection(SolutionProperties) = preSolution
		HideSolutionNode = FALSE
	EndGlobalSection
	GlobalSection(ExtensibilityGlobals) = postSolution
		SolutionGuid = {DF712401-F977-4DE1-99FD-1C69990995A3}
	EndGlobalSection
EndGlobal
